
Microsoft Visual Studio Solution File, Format Version 12.00
# Visual Studio 15
Project("{FAE04EC0-301F-11D3-BF4B-00C04F79EFBC}") = "UnityEngine.UI", "UnityEngine.UI.csproj", "{C6A71A19-120E-8F9A-8624-F5B5D891B808}"
EndProject
Project("{FAE04EC0-301F-11D3-BF4B-00C04F79EFBC}") = "BestHTTP", "BestHTTP.csproj", "{20E6824F-EDE2-4162-6F1A-FD6661C29819}"
EndProject
Project("{FAE04EC0-301F-11D3-BF4B-00C04F79EFBC}") = "BakeryRuntimeAssembly", "BakeryRuntimeAssembly.csproj", "{2BF8ACA5-B084-BE0C-6365-E8D0B2040AB3}"
EndProject
Project("{FAE04EC0-301F-11D3-BF4B-00C04F79EFBC}") = "UnityEngine.TestRunner", "UnityEngine.TestRunner.csproj", "{693AD663-C07A-5F7B-F994-8380BE8430F6}"
EndProject
Project("{FAE04EC0-301F-11D3-BF4B-00C04F79EFBC}") = "Unity.InputSystem", "Unity.InputSystem.csproj", "{4F16A11F-9010-C78D-AFBD-3F471737A849}"
EndProject
Project("{FAE04EC0-301F-11D3-BF4B-00C04F79EFBC}") = "DevelopmentTests", "DevelopmentTests.csproj", "{6B16A9AE-3B8F-1DF8-7496-09F9828ED729}"
EndProject
Project("{FAE04EC0-301F-11D3-BF4B-00C04F79EFBC}") = "Cwipc", "Cwipc.csproj", "{E14E4FCF-B3B6-B566-6576-9FB077DC2B76}"
EndProject
Project("{FAE04EC0-301F-11D3-BF4B-00C04F79EFBC}") = "Unity.Postprocessing.Runtime", "Unity.Postprocessing.Runtime.csproj", "{CC9DDD8D-3E31-4814-B44B-322CF5AF913A}"
EndProject
Project("{FAE04EC0-301F-11D3-BF4B-00C04F79EFBC}") = "Pilots", "Pilots.csproj", "{9C7A8574-93DD-B6AB-FFD3-2342B8F3A2B6}"
EndProject
Project("{FAE04EC0-301F-11D3-BF4B-00C04F79EFBC}") = "UnityEngine.XR.LegacyInputHelpers", "UnityEngine.XR.LegacyInputHelpers.csproj", "{AD33184E-0896-A7D3-B606-539704A4B28B}"
EndProject
Project("{FAE04EC0-301F-11D3-BF4B-00C04F79EFBC}") = "PointClouds", "PointClouds.csproj", "{78ECA8AC-ED85-FAE7-58DA-E53593D1D626}"
EndProject
Project("{FAE04EC0-301F-11D3-BF4B-00C04F79EFBC}") = "Unity.XR.Oculus", "Unity.XR.Oculus.csproj", "{45D3BC60-74B3-EE86-6C51-5072DA55C981}"
EndProject
Project("{FAE04EC0-301F-11D3-BF4B-00C04F79EFBC}") = "Unity.TextMeshPro", "Unity.TextMeshPro.csproj", "{F9E186EB-D5FC-B590-CDB6-CC2C9E9A0432}"
EndProject
Project("{FAE04EC0-301F-11D3-BF4B-00C04F79EFBC}") = "Unity.Timeline", "Unity.Timeline.csproj", "{5E367CE5-4B38-67A5-971D-EFADAA78C106}"
EndProject
Project("{FAE04EC0-301F-11D3-BF4B-00C04F79EFBC}") = "LoginManager", "LoginManager.csproj", "{16C96D37-A40B-0F26-837E-4E5EC33AAB20}"
EndProject
Project("{FAE04EC0-301F-11D3-BF4B-00C04F79EFBC}") = "Unity.XR.OpenXR", "Unity.XR.OpenXR.csproj", "{33867FAE-0359-2958-8020-EE7AA9E89948}"
EndProject
Project("{FAE04EC0-301F-11D3-BF4B-00C04F79EFBC}") = "Voice", "Voice.csproj", "{29F1D0D8-216C-3EA8-5779-DC89321D5023}"
EndProject
Project("{FAE04EC0-301F-11D3-BF4B-00C04F79EFBC}") = "SocketIO", "SocketIO.csproj", "{FB3C2D74-F1A2-4191-2BD1-7C181BDC68FC}"
EndProject
Project("{FAE04EC0-301F-11D3-BF4B-00C04F79EFBC}") = "VRTCore", "VRTCore.csproj", "{9A4374F1-FD21-E30A-1127-CACD3F6AF278}"
EndProject
Project("{FAE04EC0-301F-11D3-BF4B-00C04F79EFBC}") = "VRTVideo", "VRTVideo.csproj", "{12DAEDF0-EEC4-C629-7815-8FC46C431DB3}"
EndProject
Project("{FAE04EC0-301F-11D3-BF4B-00C04F79EFBC}") = "Unity.XR.Management", "Unity.XR.Management.csproj", "{D12B0B46-5F7A-8EB5-E93B-73EF1A69AC0D}"
EndProject
Project("{FAE04EC0-301F-11D3-BF4B-00C04F79EFBC}") = "TCP", "TCP.csproj", "{AF6E20C1-C5B3-22BE-8992-A4927A0CD9D6}"
EndProject
Project("{FAE04EC0-301F-11D3-BF4B-00C04F79EFBC}") = "Pilot0", "Pilot0.csproj", "{1E77D60F-E256-E9E9-8E07-B0D7C8ADDD4A}"
EndProject
Project("{FAE04EC0-301F-11D3-BF4B-00C04F79EFBC}") = "VRTInitializer", "VRTInitializer.csproj", "{EF928B3F-0D48-1E4D-4D99-DA8816A066A1}"
EndProject
Project("{FAE04EC0-301F-11D3-BF4B-00C04F79EFBC}") = "VRTProfiler", "VRTProfiler.csproj", "{0D937B14-DBEE-D82B-1997-31E4DE848463}"
EndProject
Project("{FAE04EC0-301F-11D3-BF4B-00C04F79EFBC}") = "Orchestrator", "Orchestrator.csproj", "{B0583D18-6A1F-1BEB-5807-4077EBFBD891}"
EndProject
Project("{FAE04EC0-301F-11D3-BF4B-00C04F79EFBC}") = "Unity.Recorder", "Unity.Recorder.csproj", "{E8CA24AF-7D54-F6B6-2854-AFE5792771EE}"
EndProject
Project("{FAE04EC0-301F-11D3-BF4B-00C04F79EFBC}") = "VRTeleporter", "VRTeleporter.csproj", "{BBDFFA04-921E-A050-EA4C-49FA4CE2BC0B}"
EndProject
Project("{FAE04EC0-301F-11D3-BF4B-00C04F79EFBC}") = "SelfCalibration", "SelfCalibration.csproj", "{F654CCA2-3B4E-530F-538E-3337C9A06BD7}"
EndProject
Project("{FAE04EC0-301F-11D3-BF4B-00C04F79EFBC}") = "Dash", "Dash.csproj", "{86BFAF11-3601-3234-BDF4-AEE689DDF974}"
EndProject
Project("{FAE04EC0-301F-11D3-BF4B-00C04F79EFBC}") = "Unity.XR.OpenXR.Features.RuntimeDebugger", "Unity.XR.OpenXR.Features.RuntimeDebugger.csproj", "{3EDF5B1E-D8F7-90ED-BCE8-73BC6EEE8D5A}"
EndProject
Project("{FAE04EC0-301F-11D3-BF4B-00C04F79EFBC}") = "Assembly-CSharp", "Assembly-CSharp.csproj", "{2436B99E-BEBA-42C3-8ED0-6FABEE41DD9D}"
EndProject
Project("{FAE04EC0-301F-11D3-BF4B-00C04F79EFBC}") = "Unity.Recorder.Base", "Unity.Recorder.Base.csproj", "{2F8759A3-7B0B-7866-6BD9-58CC0C70B1B2}"
EndProject
Project("{FAE04EC0-301F-11D3-BF4B-00C04F79EFBC}") = "UnityEngine.SpatialTracking", "UnityEngine.SpatialTracking.csproj", "{CED774BF-2047-6CFA-6CA5-78972C61945E}"
EndProject
Project("{FAE04EC0-301F-11D3-BF4B-00C04F79EFBC}") = "WebCam", "WebCam.csproj", "{3566B937-D3DE-FC63-AD45-D4D417F539ED}"
EndProject
Project("{FAE04EC0-301F-11D3-BF4B-00C04F79EFBC}") = "Unity.XR.OpenXR.Features.ConformanceAutomation", "Unity.XR.OpenXR.Features.ConformanceAutomation.csproj", "{4C38C643-A6DF-DDDF-3D83-34C52768716B}"
EndProject
Project("{FAE04EC0-301F-11D3-BF4B-00C04F79EFBC}") = "Unity.XR.OpenXR.Features.MockRuntime", "Unity.XR.OpenXR.Features.MockRuntime.csproj", "{288C2036-5F78-3283-F3F3-F314DA35B551}"
EndProject
Project("{FAE04EC0-301F-11D3-BF4B-00C04F79EFBC}") = "Unity.Subsystem.Registration", "Unity.Subsystem.Registration.csproj", "{8FC1D432-C9B4-EC3B-78A4-39D3B0916233}"
EndProject
Project("{FAE04EC0-301F-11D3-BF4B-00C04F79EFBC}") = "Unity.XR.OpenXR.Features.OculusQuestSupport", "Unity.XR.OpenXR.Features.OculusQuestSupport.csproj", "{3B7C71B1-AB1B-DF1D-4F4A-98C070255B2C}"
EndProject
Project("{FAE04EC0-301F-11D3-BF4B-00C04F79EFBC}") = "Unity.XR.OpenXR.Editor", "Unity.XR.OpenXR.Editor.csproj", "{95EA875A-A9AD-EB83-A13A-E33A0DF993F7}"
EndProject
Project("{FAE04EC0-301F-11D3-BF4B-00C04F79EFBC}") = "Unity.VisualStudio.Editor", "Unity.VisualStudio.Editor.csproj", "{BF9A4342-1507-821B-7AA4-7CFABD779716}"
EndProject
Project("{FAE04EC0-301F-11D3-BF4B-00C04F79EFBC}") = "Unity.Timeline.Editor", "Unity.Timeline.Editor.csproj", "{781F88E9-F1DD-DD3E-EB05-6C8F5BFF5A17}"
EndProject
Project("{FAE04EC0-301F-11D3-BF4B-00C04F79EFBC}") = "Unity.Recorder.Editor", "Unity.Recorder.Editor.csproj", "{D7BC6078-6BF7-33C5-A734-126EF4F1B5B4}"
EndProject
Project("{FAE04EC0-301F-11D3-BF4B-00C04F79EFBC}") = "Unity.TextMeshPro.Editor", "Unity.TextMeshPro.Editor.csproj", "{4F8F4738-2259-D107-06FB-CD36BD1BCAF5}"
EndProject
Project("{FAE04EC0-301F-11D3-BF4B-00C04F79EFBC}") = "Unity.Postprocessing.Editor", "Unity.Postprocessing.Editor.csproj", "{989C7B4F-5A1B-7346-AC27-8AEA86587FE0}"
EndProject
Project("{FAE04EC0-301F-11D3-BF4B-00C04F79EFBC}") = "UnityEditor.TestRunner", "UnityEditor.TestRunner.csproj", "{36250986-1165-7279-FD79-D22601DBC66D}"
EndProject
Project("{FAE04EC0-301F-11D3-BF4B-00C04F79EFBC}") = "BakeryEditorAssembly", "BakeryEditorAssembly.csproj", "{29BDF452-CF17-2B1C-E2D9-F4FB50AD89B6}"
EndProject
Project("{FAE04EC0-301F-11D3-BF4B-00C04F79EFBC}") = "Unity.XR.Management.Editor", "Unity.XR.Management.Editor.csproj", "{763F5D7A-515B-E4F4-CAA4-4815FED134D5}"
EndProject
Project("{FAE04EC0-301F-11D3-BF4B-00C04F79EFBC}") = "UnityEditor.UI", "UnityEditor.UI.csproj", "{EE73378D-1EF9-7DBE-AC26-3F929FE5F2C0}"
EndProject
Project("{FAE04EC0-301F-11D3-BF4B-00C04F79EFBC}") = "UnityEditor.SpatialTracking", "UnityEditor.SpatialTracking.csproj", "{0381D12F-6D71-599B-26DB-27FF00241DDC}"
EndProject
Project("{FAE04EC0-301F-11D3-BF4B-00C04F79EFBC}") = "VRTTools", "VRTTools.csproj", "{0355A315-5A8D-846B-06E4-9A7A3258088A}"
EndProject
Project("{FAE04EC0-301F-11D3-BF4B-00C04F79EFBC}") = "UnityEditor.XR.LegacyInputHelpers", "UnityEditor.XR.LegacyInputHelpers.csproj", "{7FA46D10-DA6D-5C29-F122-443A170CCAC3}"
EndProject
Project("{FAE04EC0-301F-11D3-BF4B-00C04F79EFBC}") = "Unity.XR.Oculus.Editor", "Unity.XR.Oculus.Editor.csproj", "{A4627ECF-F438-5E97-7D2A-E4D11475C949}"
EndProject
Project("{FAE04EC0-301F-11D3-BF4B-00C04F79EFBC}") = "Unity.XR.OpenXR.Features.RuntimeDebugger.Editor", "Unity.XR.OpenXR.Features.RuntimeDebugger.Editor.csproj", "{A01F5E27-B7D9-F377-64B1-B22096C23AB4}"
EndProject
Project("{FAE04EC0-301F-11D3-BF4B-00C04F79EFBC}") = "Pilots-Editor", "Pilots-Editor.csproj", "{5D5079A7-C41F-43E8-E4E0-70912994DFC5}"
EndProject
Project("{FAE04EC0-301F-11D3-BF4B-00C04F79EFBC}") = "Unity.XR.OpenXR.Features.OculusQuestSupport.Editor", "Unity.XR.OpenXR.Features.OculusQuestSupport.Editor.csproj", "{24327846-AD74-5827-60CA-6A450A085971}"
EndProject
Global
	GlobalSection(SolutionConfigurationPlatforms) = preSolution
		Debug|Any CPU = Debug|Any CPU
		Release|Any CPU = Release|Any CPU
	EndGlobalSection
	GlobalSection(ProjectConfigurationPlatforms) = postSolution
		{C6A71A19-120E-8F9A-8624-F5B5D891B808}.Debug|Any CPU.ActiveCfg = Debug|Any CPU
		{C6A71A19-120E-8F9A-8624-F5B5D891B808}.Debug|Any CPU.Build.0 = Debug|Any CPU
		{C6A71A19-120E-8F9A-8624-F5B5D891B808}.Release|Any CPU.ActiveCfg = Release|Any CPU
		{C6A71A19-120E-8F9A-8624-F5B5D891B808}.Release|Any CPU.Build.0 = Release|Any CPU
		{20E6824F-EDE2-4162-6F1A-FD6661C29819}.Debug|Any CPU.ActiveCfg = Debug|Any CPU
		{20E6824F-EDE2-4162-6F1A-FD6661C29819}.Debug|Any CPU.Build.0 = Debug|Any CPU
		{20E6824F-EDE2-4162-6F1A-FD6661C29819}.Release|Any CPU.ActiveCfg = Release|Any CPU
		{20E6824F-EDE2-4162-6F1A-FD6661C29819}.Release|Any CPU.Build.0 = Release|Any CPU
		{2BF8ACA5-B084-BE0C-6365-E8D0B2040AB3}.Debug|Any CPU.ActiveCfg = Debug|Any CPU
		{2BF8ACA5-B084-BE0C-6365-E8D0B2040AB3}.Debug|Any CPU.Build.0 = Debug|Any CPU
		{2BF8ACA5-B084-BE0C-6365-E8D0B2040AB3}.Release|Any CPU.ActiveCfg = Release|Any CPU
		{2BF8ACA5-B084-BE0C-6365-E8D0B2040AB3}.Release|Any CPU.Build.0 = Release|Any CPU
		{693AD663-C07A-5F7B-F994-8380BE8430F6}.Debug|Any CPU.ActiveCfg = Debug|Any CPU
		{693AD663-C07A-5F7B-F994-8380BE8430F6}.Debug|Any CPU.Build.0 = Debug|Any CPU
		{693AD663-C07A-5F7B-F994-8380BE8430F6}.Release|Any CPU.ActiveCfg = Release|Any CPU
		{693AD663-C07A-5F7B-F994-8380BE8430F6}.Release|Any CPU.Build.0 = Release|Any CPU
		{4F16A11F-9010-C78D-AFBD-3F471737A849}.Debug|Any CPU.ActiveCfg = Debug|Any CPU
		{4F16A11F-9010-C78D-AFBD-3F471737A849}.Debug|Any CPU.Build.0 = Debug|Any CPU
		{4F16A11F-9010-C78D-AFBD-3F471737A849}.Release|Any CPU.ActiveCfg = Release|Any CPU
		{4F16A11F-9010-C78D-AFBD-3F471737A849}.Release|Any CPU.Build.0 = Release|Any CPU
		{6B16A9AE-3B8F-1DF8-7496-09F9828ED729}.Debug|Any CPU.ActiveCfg = Debug|Any CPU
		{6B16A9AE-3B8F-1DF8-7496-09F9828ED729}.Debug|Any CPU.Build.0 = Debug|Any CPU
		{6B16A9AE-3B8F-1DF8-7496-09F9828ED729}.Release|Any CPU.ActiveCfg = Release|Any CPU
		{6B16A9AE-3B8F-1DF8-7496-09F9828ED729}.Release|Any CPU.Build.0 = Release|Any CPU
		{E14E4FCF-B3B6-B566-6576-9FB077DC2B76}.Debug|Any CPU.ActiveCfg = Debug|Any CPU
		{E14E4FCF-B3B6-B566-6576-9FB077DC2B76}.Debug|Any CPU.Build.0 = Debug|Any CPU
		{E14E4FCF-B3B6-B566-6576-9FB077DC2B76}.Release|Any CPU.ActiveCfg = Release|Any CPU
		{E14E4FCF-B3B6-B566-6576-9FB077DC2B76}.Release|Any CPU.Build.0 = Release|Any CPU
		{CC9DDD8D-3E31-4814-B44B-322CF5AF913A}.Debug|Any CPU.ActiveCfg = Debug|Any CPU
		{CC9DDD8D-3E31-4814-B44B-322CF5AF913A}.Debug|Any CPU.Build.0 = Debug|Any CPU
		{CC9DDD8D-3E31-4814-B44B-322CF5AF913A}.Release|Any CPU.ActiveCfg = Release|Any CPU
		{CC9DDD8D-3E31-4814-B44B-322CF5AF913A}.Release|Any CPU.Build.0 = Release|Any CPU
		{9C7A8574-93DD-B6AB-FFD3-2342B8F3A2B6}.Debug|Any CPU.ActiveCfg = Debug|Any CPU
		{9C7A8574-93DD-B6AB-FFD3-2342B8F3A2B6}.Debug|Any CPU.Build.0 = Debug|Any CPU
		{9C7A8574-93DD-B6AB-FFD3-2342B8F3A2B6}.Release|Any CPU.ActiveCfg = Release|Any CPU
		{9C7A8574-93DD-B6AB-FFD3-2342B8F3A2B6}.Release|Any CPU.Build.0 = Release|Any CPU
		{AD33184E-0896-A7D3-B606-539704A4B28B}.Debug|Any CPU.ActiveCfg = Debug|Any CPU
		{AD33184E-0896-A7D3-B606-539704A4B28B}.Debug|Any CPU.Build.0 = Debug|Any CPU
		{AD33184E-0896-A7D3-B606-539704A4B28B}.Release|Any CPU.ActiveCfg = Release|Any CPU
		{AD33184E-0896-A7D3-B606-539704A4B28B}.Release|Any CPU.Build.0 = Release|Any CPU
		{78ECA8AC-ED85-FAE7-58DA-E53593D1D626}.Debug|Any CPU.ActiveCfg = Debug|Any CPU
		{78ECA8AC-ED85-FAE7-58DA-E53593D1D626}.Debug|Any CPU.Build.0 = Debug|Any CPU
		{78ECA8AC-ED85-FAE7-58DA-E53593D1D626}.Release|Any CPU.ActiveCfg = Release|Any CPU
		{78ECA8AC-ED85-FAE7-58DA-E53593D1D626}.Release|Any CPU.Build.0 = Release|Any CPU
		{45D3BC60-74B3-EE86-6C51-5072DA55C981}.Debug|Any CPU.ActiveCfg = Debug|Any CPU
		{45D3BC60-74B3-EE86-6C51-5072DA55C981}.Debug|Any CPU.Build.0 = Debug|Any CPU
		{45D3BC60-74B3-EE86-6C51-5072DA55C981}.Release|Any CPU.ActiveCfg = Release|Any CPU
		{45D3BC60-74B3-EE86-6C51-5072DA55C981}.Release|Any CPU.Build.0 = Release|Any CPU
		{F9E186EB-D5FC-B590-CDB6-CC2C9E9A0432}.Debug|Any CPU.ActiveCfg = Debug|Any CPU
		{F9E186EB-D5FC-B590-CDB6-CC2C9E9A0432}.Debug|Any CPU.Build.0 = Debug|Any CPU
		{F9E186EB-D5FC-B590-CDB6-CC2C9E9A0432}.Release|Any CPU.ActiveCfg = Release|Any CPU
		{F9E186EB-D5FC-B590-CDB6-CC2C9E9A0432}.Release|Any CPU.Build.0 = Release|Any CPU
		{5E367CE5-4B38-67A5-971D-EFADAA78C106}.Debug|Any CPU.ActiveCfg = Debug|Any CPU
		{5E367CE5-4B38-67A5-971D-EFADAA78C106}.Debug|Any CPU.Build.0 = Debug|Any CPU
		{5E367CE5-4B38-67A5-971D-EFADAA78C106}.Release|Any CPU.ActiveCfg = Release|Any CPU
		{5E367CE5-4B38-67A5-971D-EFADAA78C106}.Release|Any CPU.Build.0 = Release|Any CPU
		{16C96D37-A40B-0F26-837E-4E5EC33AAB20}.Debug|Any CPU.ActiveCfg = Debug|Any CPU
		{16C96D37-A40B-0F26-837E-4E5EC33AAB20}.Debug|Any CPU.Build.0 = Debug|Any CPU
		{16C96D37-A40B-0F26-837E-4E5EC33AAB20}.Release|Any CPU.ActiveCfg = Release|Any CPU
		{16C96D37-A40B-0F26-837E-4E5EC33AAB20}.Release|Any CPU.Build.0 = Release|Any CPU
		{33867FAE-0359-2958-8020-EE7AA9E89948}.Debug|Any CPU.ActiveCfg = Debug|Any CPU
		{33867FAE-0359-2958-8020-EE7AA9E89948}.Debug|Any CPU.Build.0 = Debug|Any CPU
		{33867FAE-0359-2958-8020-EE7AA9E89948}.Release|Any CPU.ActiveCfg = Release|Any CPU
		{33867FAE-0359-2958-8020-EE7AA9E89948}.Release|Any CPU.Build.0 = Release|Any CPU
		{29F1D0D8-216C-3EA8-5779-DC89321D5023}.Debug|Any CPU.ActiveCfg = Debug|Any CPU
		{29F1D0D8-216C-3EA8-5779-DC89321D5023}.Debug|Any CPU.Build.0 = Debug|Any CPU
		{29F1D0D8-216C-3EA8-5779-DC89321D5023}.Release|Any CPU.ActiveCfg = Release|Any CPU
		{29F1D0D8-216C-3EA8-5779-DC89321D5023}.Release|Any CPU.Build.0 = Release|Any CPU
		{FB3C2D74-F1A2-4191-2BD1-7C181BDC68FC}.Debug|Any CPU.ActiveCfg = Debug|Any CPU
		{FB3C2D74-F1A2-4191-2BD1-7C181BDC68FC}.Debug|Any CPU.Build.0 = Debug|Any CPU
		{FB3C2D74-F1A2-4191-2BD1-7C181BDC68FC}.Release|Any CPU.ActiveCfg = Release|Any CPU
		{FB3C2D74-F1A2-4191-2BD1-7C181BDC68FC}.Release|Any CPU.Build.0 = Release|Any CPU
		{9A4374F1-FD21-E30A-1127-CACD3F6AF278}.Debug|Any CPU.ActiveCfg = Debug|Any CPU
		{9A4374F1-FD21-E30A-1127-CACD3F6AF278}.Debug|Any CPU.Build.0 = Debug|Any CPU
		{9A4374F1-FD21-E30A-1127-CACD3F6AF278}.Release|Any CPU.ActiveCfg = Release|Any CPU
		{9A4374F1-FD21-E30A-1127-CACD3F6AF278}.Release|Any CPU.Build.0 = Release|Any CPU
		{12DAEDF0-EEC4-C629-7815-8FC46C431DB3}.Debug|Any CPU.ActiveCfg = Debug|Any CPU
		{12DAEDF0-EEC4-C629-7815-8FC46C431DB3}.Debug|Any CPU.Build.0 = Debug|Any CPU
		{12DAEDF0-EEC4-C629-7815-8FC46C431DB3}.Release|Any CPU.ActiveCfg = Release|Any CPU
		{12DAEDF0-EEC4-C629-7815-8FC46C431DB3}.Release|Any CPU.Build.0 = Release|Any CPU
		{D12B0B46-5F7A-8EB5-E93B-73EF1A69AC0D}.Debug|Any CPU.ActiveCfg = Debug|Any CPU
		{D12B0B46-5F7A-8EB5-E93B-73EF1A69AC0D}.Debug|Any CPU.Build.0 = Debug|Any CPU
		{D12B0B46-5F7A-8EB5-E93B-73EF1A69AC0D}.Release|Any CPU.ActiveCfg = Release|Any CPU
		{D12B0B46-5F7A-8EB5-E93B-73EF1A69AC0D}.Release|Any CPU.Build.0 = Release|Any CPU
		{AF6E20C1-C5B3-22BE-8992-A4927A0CD9D6}.Debug|Any CPU.ActiveCfg = Debug|Any CPU
		{AF6E20C1-C5B3-22BE-8992-A4927A0CD9D6}.Debug|Any CPU.Build.0 = Debug|Any CPU
		{AF6E20C1-C5B3-22BE-8992-A4927A0CD9D6}.Release|Any CPU.ActiveCfg = Release|Any CPU
		{AF6E20C1-C5B3-22BE-8992-A4927A0CD9D6}.Release|Any CPU.Build.0 = Release|Any CPU
		{1E77D60F-E256-E9E9-8E07-B0D7C8ADDD4A}.Debug|Any CPU.ActiveCfg = Debug|Any CPU
		{1E77D60F-E256-E9E9-8E07-B0D7C8ADDD4A}.Debug|Any CPU.Build.0 = Debug|Any CPU
		{1E77D60F-E256-E9E9-8E07-B0D7C8ADDD4A}.Release|Any CPU.ActiveCfg = Release|Any CPU
		{1E77D60F-E256-E9E9-8E07-B0D7C8ADDD4A}.Release|Any CPU.Build.0 = Release|Any CPU
		{EF928B3F-0D48-1E4D-4D99-DA8816A066A1}.Debug|Any CPU.ActiveCfg = Debug|Any CPU
		{EF928B3F-0D48-1E4D-4D99-DA8816A066A1}.Debug|Any CPU.Build.0 = Debug|Any CPU
		{EF928B3F-0D48-1E4D-4D99-DA8816A066A1}.Release|Any CPU.ActiveCfg = Release|Any CPU
		{EF928B3F-0D48-1E4D-4D99-DA8816A066A1}.Release|Any CPU.Build.0 = Release|Any CPU
		{0D937B14-DBEE-D82B-1997-31E4DE848463}.Debug|Any CPU.ActiveCfg = Debug|Any CPU
		{0D937B14-DBEE-D82B-1997-31E4DE848463}.Debug|Any CPU.Build.0 = Debug|Any CPU
		{0D937B14-DBEE-D82B-1997-31E4DE848463}.Release|Any CPU.ActiveCfg = Release|Any CPU
		{0D937B14-DBEE-D82B-1997-31E4DE848463}.Release|Any CPU.Build.0 = Release|Any CPU
		{B0583D18-6A1F-1BEB-5807-4077EBFBD891}.Debug|Any CPU.ActiveCfg = Debug|Any CPU
		{B0583D18-6A1F-1BEB-5807-4077EBFBD891}.Debug|Any CPU.Build.0 = Debug|Any CPU
		{B0583D18-6A1F-1BEB-5807-4077EBFBD891}.Release|Any CPU.ActiveCfg = Release|Any CPU
		{B0583D18-6A1F-1BEB-5807-4077EBFBD891}.Release|Any CPU.Build.0 = Release|Any CPU
		{E8CA24AF-7D54-F6B6-2854-AFE5792771EE}.Debug|Any CPU.ActiveCfg = Debug|Any CPU
		{E8CA24AF-7D54-F6B6-2854-AFE5792771EE}.Debug|Any CPU.Build.0 = Debug|Any CPU
		{E8CA24AF-7D54-F6B6-2854-AFE5792771EE}.Release|Any CPU.ActiveCfg = Release|Any CPU
		{E8CA24AF-7D54-F6B6-2854-AFE5792771EE}.Release|Any CPU.Build.0 = Release|Any CPU
		{BBDFFA04-921E-A050-EA4C-49FA4CE2BC0B}.Debug|Any CPU.ActiveCfg = Debug|Any CPU
		{BBDFFA04-921E-A050-EA4C-49FA4CE2BC0B}.Debug|Any CPU.Build.0 = Debug|Any CPU
		{BBDFFA04-921E-A050-EA4C-49FA4CE2BC0B}.Release|Any CPU.ActiveCfg = Release|Any CPU
		{BBDFFA04-921E-A050-EA4C-49FA4CE2BC0B}.Release|Any CPU.Build.0 = Release|Any CPU
		{F654CCA2-3B4E-530F-538E-3337C9A06BD7}.Debug|Any CPU.ActiveCfg = Debug|Any CPU
		{F654CCA2-3B4E-530F-538E-3337C9A06BD7}.Debug|Any CPU.Build.0 = Debug|Any CPU
		{F654CCA2-3B4E-530F-538E-3337C9A06BD7}.Release|Any CPU.ActiveCfg = Release|Any CPU
		{F654CCA2-3B4E-530F-538E-3337C9A06BD7}.Release|Any CPU.Build.0 = Release|Any CPU
		{86BFAF11-3601-3234-BDF4-AEE689DDF974}.Debug|Any CPU.ActiveCfg = Debug|Any CPU
		{86BFAF11-3601-3234-BDF4-AEE689DDF974}.Debug|Any CPU.Build.0 = Debug|Any CPU
		{86BFAF11-3601-3234-BDF4-AEE689DDF974}.Release|Any CPU.ActiveCfg = Release|Any CPU
		{86BFAF11-3601-3234-BDF4-AEE689DDF974}.Release|Any CPU.Build.0 = Release|Any CPU
		{3EDF5B1E-D8F7-90ED-BCE8-73BC6EEE8D5A}.Debug|Any CPU.ActiveCfg = Debug|Any CPU
		{3EDF5B1E-D8F7-90ED-BCE8-73BC6EEE8D5A}.Debug|Any CPU.Build.0 = Debug|Any CPU
		{3EDF5B1E-D8F7-90ED-BCE8-73BC6EEE8D5A}.Release|Any CPU.ActiveCfg = Release|Any CPU
		{3EDF5B1E-D8F7-90ED-BCE8-73BC6EEE8D5A}.Release|Any CPU.Build.0 = Release|Any CPU
		{2436B99E-BEBA-42C3-8ED0-6FABEE41DD9D}.Debug|Any CPU.ActiveCfg = Debug|Any CPU
		{2436B99E-BEBA-42C3-8ED0-6FABEE41DD9D}.Debug|Any CPU.Build.0 = Debug|Any CPU
		{2436B99E-BEBA-42C3-8ED0-6FABEE41DD9D}.Release|Any CPU.ActiveCfg = Release|Any CPU
		{2436B99E-BEBA-42C3-8ED0-6FABEE41DD9D}.Release|Any CPU.Build.0 = Release|Any CPU
		{2F8759A3-7B0B-7866-6BD9-58CC0C70B1B2}.Debug|Any CPU.ActiveCfg = Debug|Any CPU
		{2F8759A3-7B0B-7866-6BD9-58CC0C70B1B2}.Debug|Any CPU.Build.0 = Debug|Any CPU
		{2F8759A3-7B0B-7866-6BD9-58CC0C70B1B2}.Release|Any CPU.ActiveCfg = Release|Any CPU
		{2F8759A3-7B0B-7866-6BD9-58CC0C70B1B2}.Release|Any CPU.Build.0 = Release|Any CPU
		{CED774BF-2047-6CFA-6CA5-78972C61945E}.Debug|Any CPU.ActiveCfg = Debug|Any CPU
		{CED774BF-2047-6CFA-6CA5-78972C61945E}.Debug|Any CPU.Build.0 = Debug|Any CPU
		{CED774BF-2047-6CFA-6CA5-78972C61945E}.Release|Any CPU.ActiveCfg = Release|Any CPU
		{CED774BF-2047-6CFA-6CA5-78972C61945E}.Release|Any CPU.Build.0 = Release|Any CPU
		{3566B937-D3DE-FC63-AD45-D4D417F539ED}.Debug|Any CPU.ActiveCfg = Debug|Any CPU
		{3566B937-D3DE-FC63-AD45-D4D417F539ED}.Debug|Any CPU.Build.0 = Debug|Any CPU
		{3566B937-D3DE-FC63-AD45-D4D417F539ED}.Release|Any CPU.ActiveCfg = Release|Any CPU
		{3566B937-D3DE-FC63-AD45-D4D417F539ED}.Release|Any CPU.Build.0 = Release|Any CPU
		{4C38C643-A6DF-DDDF-3D83-34C52768716B}.Debug|Any CPU.ActiveCfg = Debug|Any CPU
		{4C38C643-A6DF-DDDF-3D83-34C52768716B}.Debug|Any CPU.Build.0 = Debug|Any CPU
		{4C38C643-A6DF-DDDF-3D83-34C52768716B}.Release|Any CPU.ActiveCfg = Release|Any CPU
		{4C38C643-A6DF-DDDF-3D83-34C52768716B}.Release|Any CPU.Build.0 = Release|Any CPU
		{288C2036-5F78-3283-F3F3-F314DA35B551}.Debug|Any CPU.ActiveCfg = Debug|Any CPU
		{288C2036-5F78-3283-F3F3-F314DA35B551}.Debug|Any CPU.Build.0 = Debug|Any CPU
		{288C2036-5F78-3283-F3F3-F314DA35B551}.Release|Any CPU.ActiveCfg = Release|Any CPU
		{288C2036-5F78-3283-F3F3-F314DA35B551}.Release|Any CPU.Build.0 = Release|Any CPU
		{8FC1D432-C9B4-EC3B-78A4-39D3B0916233}.Debug|Any CPU.ActiveCfg = Debug|Any CPU
		{8FC1D432-C9B4-EC3B-78A4-39D3B0916233}.Debug|Any CPU.Build.0 = Debug|Any CPU
		{8FC1D432-C9B4-EC3B-78A4-39D3B0916233}.Release|Any CPU.ActiveCfg = Release|Any CPU
		{8FC1D432-C9B4-EC3B-78A4-39D3B0916233}.Release|Any CPU.Build.0 = Release|Any CPU
		{3B7C71B1-AB1B-DF1D-4F4A-98C070255B2C}.Debug|Any CPU.ActiveCfg = Debug|Any CPU
		{3B7C71B1-AB1B-DF1D-4F4A-98C070255B2C}.Debug|Any CPU.Build.0 = Debug|Any CPU
		{3B7C71B1-AB1B-DF1D-4F4A-98C070255B2C}.Release|Any CPU.ActiveCfg = Release|Any CPU
		{3B7C71B1-AB1B-DF1D-4F4A-98C070255B2C}.Release|Any CPU.Build.0 = Release|Any CPU
		{95EA875A-A9AD-EB83-A13A-E33A0DF993F7}.Debug|Any CPU.ActiveCfg = Debug|Any CPU
		{95EA875A-A9AD-EB83-A13A-E33A0DF993F7}.Debug|Any CPU.Build.0 = Debug|Any CPU
		{95EA875A-A9AD-EB83-A13A-E33A0DF993F7}.Release|Any CPU.ActiveCfg = Release|Any CPU
		{95EA875A-A9AD-EB83-A13A-E33A0DF993F7}.Release|Any CPU.Build.0 = Release|Any CPU
		{BF9A4342-1507-821B-7AA4-7CFABD779716}.Debug|Any CPU.ActiveCfg = Debug|Any CPU
		{BF9A4342-1507-821B-7AA4-7CFABD779716}.Debug|Any CPU.Build.0 = Debug|Any CPU
		{BF9A4342-1507-821B-7AA4-7CFABD779716}.Release|Any CPU.ActiveCfg = Release|Any CPU
		{BF9A4342-1507-821B-7AA4-7CFABD779716}.Release|Any CPU.Build.0 = Release|Any CPU
		{781F88E9-F1DD-DD3E-EB05-6C8F5BFF5A17}.Debug|Any CPU.ActiveCfg = Debug|Any CPU
		{781F88E9-F1DD-DD3E-EB05-6C8F5BFF5A17}.Debug|Any CPU.Build.0 = Debug|Any CPU
		{781F88E9-F1DD-DD3E-EB05-6C8F5BFF5A17}.Release|Any CPU.ActiveCfg = Release|Any CPU
		{781F88E9-F1DD-DD3E-EB05-6C8F5BFF5A17}.Release|Any CPU.Build.0 = Release|Any CPU
		{D7BC6078-6BF7-33C5-A734-126EF4F1B5B4}.Debug|Any CPU.ActiveCfg = Debug|Any CPU
		{D7BC6078-6BF7-33C5-A734-126EF4F1B5B4}.Debug|Any CPU.Build.0 = Debug|Any CPU
		{D7BC6078-6BF7-33C5-A734-126EF4F1B5B4}.Release|Any CPU.ActiveCfg = Release|Any CPU
		{D7BC6078-6BF7-33C5-A734-126EF4F1B5B4}.Release|Any CPU.Build.0 = Release|Any CPU
		{4F8F4738-2259-D107-06FB-CD36BD1BCAF5}.Debug|Any CPU.ActiveCfg = Debug|Any CPU
		{4F8F4738-2259-D107-06FB-CD36BD1BCAF5}.Debug|Any CPU.Build.0 = Debug|Any CPU
		{4F8F4738-2259-D107-06FB-CD36BD1BCAF5}.Release|Any CPU.ActiveCfg = Release|Any CPU
		{4F8F4738-2259-D107-06FB-CD36BD1BCAF5}.Release|Any CPU.Build.0 = Release|Any CPU
		{989C7B4F-5A1B-7346-AC27-8AEA86587FE0}.Debug|Any CPU.ActiveCfg = Debug|Any CPU
		{989C7B4F-5A1B-7346-AC27-8AEA86587FE0}.Debug|Any CPU.Build.0 = Debug|Any CPU
		{989C7B4F-5A1B-7346-AC27-8AEA86587FE0}.Release|Any CPU.ActiveCfg = Release|Any CPU
		{989C7B4F-5A1B-7346-AC27-8AEA86587FE0}.Release|Any CPU.Build.0 = Release|Any CPU
		{36250986-1165-7279-FD79-D22601DBC66D}.Debug|Any CPU.ActiveCfg = Debug|Any CPU
		{36250986-1165-7279-FD79-D22601DBC66D}.Debug|Any CPU.Build.0 = Debug|Any CPU
		{36250986-1165-7279-FD79-D22601DBC66D}.Release|Any CPU.ActiveCfg = Release|Any CPU
		{36250986-1165-7279-FD79-D22601DBC66D}.Release|Any CPU.Build.0 = Release|Any CPU
		{29BDF452-CF17-2B1C-E2D9-F4FB50AD89B6}.Debug|Any CPU.ActiveCfg = Debug|Any CPU
		{29BDF452-CF17-2B1C-E2D9-F4FB50AD89B6}.Debug|Any CPU.Build.0 = Debug|Any CPU
		{29BDF452-CF17-2B1C-E2D9-F4FB50AD89B6}.Release|Any CPU.ActiveCfg = Release|Any CPU
		{29BDF452-CF17-2B1C-E2D9-F4FB50AD89B6}.Release|Any CPU.Build.0 = Release|Any CPU
		{763F5D7A-515B-E4F4-CAA4-4815FED134D5}.Debug|Any CPU.ActiveCfg = Debug|Any CPU
		{763F5D7A-515B-E4F4-CAA4-4815FED134D5}.Debug|Any CPU.Build.0 = Debug|Any CPU
		{763F5D7A-515B-E4F4-CAA4-4815FED134D5}.Release|Any CPU.ActiveCfg = Release|Any CPU
		{763F5D7A-515B-E4F4-CAA4-4815FED134D5}.Release|Any CPU.Build.0 = Release|Any CPU
		{EE73378D-1EF9-7DBE-AC26-3F929FE5F2C0}.Debug|Any CPU.ActiveCfg = Debug|Any CPU
		{EE73378D-1EF9-7DBE-AC26-3F929FE5F2C0}.Debug|Any CPU.Build.0 = Debug|Any CPU
		{EE73378D-1EF9-7DBE-AC26-3F929FE5F2C0}.Release|Any CPU.ActiveCfg = Release|Any CPU
		{EE73378D-1EF9-7DBE-AC26-3F929FE5F2C0}.Release|Any CPU.Build.0 = Release|Any CPU
		{0381D12F-6D71-599B-26DB-27FF00241DDC}.Debug|Any CPU.ActiveCfg = Debug|Any CPU
		{0381D12F-6D71-599B-26DB-27FF00241DDC}.Debug|Any CPU.Build.0 = Debug|Any CPU
		{0381D12F-6D71-599B-26DB-27FF00241DDC}.Release|Any CPU.ActiveCfg = Release|Any CPU
		{0381D12F-6D71-599B-26DB-27FF00241DDC}.Release|Any CPU.Build.0 = Release|Any CPU
		{0355A315-5A8D-846B-06E4-9A7A3258088A}.Debug|Any CPU.ActiveCfg = Debug|Any CPU
		{0355A315-5A8D-846B-06E4-9A7A3258088A}.Debug|Any CPU.Build.0 = Debug|Any CPU
		{0355A315-5A8D-846B-06E4-9A7A3258088A}.Release|Any CPU.ActiveCfg = Release|Any CPU
		{0355A315-5A8D-846B-06E4-9A7A3258088A}.Release|Any CPU.Build.0 = Release|Any CPU
		{7FA46D10-DA6D-5C29-F122-443A170CCAC3}.Debug|Any CPU.ActiveCfg = Debug|Any CPU
		{7FA46D10-DA6D-5C29-F122-443A170CCAC3}.Debug|Any CPU.Build.0 = Debug|Any CPU
		{7FA46D10-DA6D-5C29-F122-443A170CCAC3}.Release|Any CPU.ActiveCfg = Release|Any CPU
		{7FA46D10-DA6D-5C29-F122-443A170CCAC3}.Release|Any CPU.Build.0 = Release|Any CPU
		{A4627ECF-F438-5E97-7D2A-E4D11475C949}.Debug|Any CPU.ActiveCfg = Debug|Any CPU
		{A4627ECF-F438-5E97-7D2A-E4D11475C949}.Debug|Any CPU.Build.0 = Debug|Any CPU
		{A4627ECF-F438-5E97-7D2A-E4D11475C949}.Release|Any CPU.ActiveCfg = Release|Any CPU
		{A4627ECF-F438-5E97-7D2A-E4D11475C949}.Release|Any CPU.Build.0 = Release|Any CPU
		{A01F5E27-B7D9-F377-64B1-B22096C23AB4}.Debug|Any CPU.ActiveCfg = Debug|Any CPU
		{A01F5E27-B7D9-F377-64B1-B22096C23AB4}.Debug|Any CPU.Build.0 = Debug|Any CPU
		{A01F5E27-B7D9-F377-64B1-B22096C23AB4}.Release|Any CPU.ActiveCfg = Release|Any CPU
		{A01F5E27-B7D9-F377-64B1-B22096C23AB4}.Release|Any CPU.Build.0 = Release|Any CPU
		{5D5079A7-C41F-43E8-E4E0-70912994DFC5}.Debug|Any CPU.ActiveCfg = Debug|Any CPU
		{5D5079A7-C41F-43E8-E4E0-70912994DFC5}.Debug|Any CPU.Build.0 = Debug|Any CPU
		{5D5079A7-C41F-43E8-E4E0-70912994DFC5}.Release|Any CPU.ActiveCfg = Release|Any CPU
		{5D5079A7-C41F-43E8-E4E0-70912994DFC5}.Release|Any CPU.Build.0 = Release|Any CPU
		{24327846-AD74-5827-60CA-6A450A085971}.Debug|Any CPU.ActiveCfg = Debug|Any CPU
		{24327846-AD74-5827-60CA-6A450A085971}.Debug|Any CPU.Build.0 = Debug|Any CPU
		{24327846-AD74-5827-60CA-6A450A085971}.Release|Any CPU.ActiveCfg = Release|Any CPU
		{24327846-AD74-5827-60CA-6A450A085971}.Release|Any CPU.Build.0 = Release|Any CPU
	EndGlobalSection
	GlobalSection(SolutionProperties) = preSolution
		HideSolutionNode = FALSE
	EndGlobalSection
EndGlobal
