
Microsoft Visual Studio Solution File, Format Version 12.00
# Visual Studio 15
Project("{FAE04EC0-301F-11D3-BF4B-00C04F79EFBC}") = "BestHTTP", "BestHTTP.csproj", "{20E6824F-EDE2-4162-6F1A-FD6661C29819}"
EndProject
Project("{FAE04EC0-301F-11D3-BF4B-00C04F79EFBC}") = "BakeryRuntimeAssembly", "BakeryRuntimeAssembly.csproj", "{2BF8ACA5-B084-BE0C-6365-E8D0B2040AB3}"
EndProject
Project("{FAE04EC0-301F-11D3-BF4B-00C04F79EFBC}") = "PointClouds", "PointClouds.csproj", "{78ECA8AC-ED85-FAE7-58DA-E53593D1D626}"
EndProject
Project("{FAE04EC0-301F-11D3-BF4B-00C04F79EFBC}") = "DevelopmentTests", "DevelopmentTests.csproj", "{6B16A9AE-3B8F-1DF8-7496-09F9828ED729}"
EndProject
Project("{FAE04EC0-301F-11D3-BF4B-00C04F79EFBC}") = "Pilots", "Pilots.csproj", "{9C7A8574-93DD-B6AB-FFD3-2342B8F3A2B6}"
EndProject
Project("{FAE04EC0-301F-11D3-BF4B-00C04F79EFBC}") = "LoginManager", "LoginManager.csproj", "{16C96D37-A40B-0F26-837E-4E5EC33AAB20}"
EndProject
Project("{FAE04EC0-301F-11D3-BF4B-00C04F79EFBC}") = "Voice", "Voice.csproj", "{29F1D0D8-216C-3EA8-5779-DC89321D5023}"
EndProject
Project("{FAE04EC0-301F-11D3-BF4B-00C04F79EFBC}") = "SocketIO", "SocketIO.csproj", "{FB3C2D74-F1A2-4191-2BD1-7C181BDC68FC}"
EndProject
Project("{FAE04EC0-301F-11D3-BF4B-00C04F79EFBC}") = "VRTCore", "VRTCore.csproj", "{9A4374F1-FD21-E30A-1127-CACD3F6AF278}"
EndProject
Project("{FAE04EC0-301F-11D3-BF4B-00C04F79EFBC}") = "VRTVideo", "VRTVideo.csproj", "{12DAEDF0-EEC4-C629-7815-8FC46C431DB3}"
EndProject
Project("{FAE04EC0-301F-11D3-BF4B-00C04F79EFBC}") = "TCP", "TCP.csproj", "{AF6E20C1-C5B3-22BE-8992-A4927A0CD9D6}"
EndProject
Project("{FAE04EC0-301F-11D3-BF4B-00C04F79EFBC}") = "Pilot0", "Pilot0.csproj", "{1E77D60F-E256-E9E9-8E07-B0D7C8ADDD4A}"
EndProject
Project("{FAE04EC0-301F-11D3-BF4B-00C04F79EFBC}") = "VRTInitializer", "VRTInitializer.csproj", "{EF928B3F-0D48-1E4D-4D99-DA8816A066A1}"
EndProject
Project("{FAE04EC0-301F-11D3-BF4B-00C04F79EFBC}") = "VRTProfiler", "VRTProfiler.csproj", "{0D937B14-DBEE-D82B-1997-31E4DE848463}"
EndProject
Project("{FAE04EC0-301F-11D3-BF4B-00C04F79EFBC}") = "Orchestrator", "Orchestrator.csproj", "{B0583D18-6A1F-1BEB-5807-4077EBFBD891}"
EndProject
Project("{FAE04EC0-301F-11D3-BF4B-00C04F79EFBC}") = "SelfCalibration", "SelfCalibration.csproj", "{F654CCA2-3B4E-530F-538E-3337C9A06BD7}"
EndProject
Project("{FAE04EC0-301F-11D3-BF4B-00C04F79EFBC}") = "VRTeleporter", "VRTeleporter.csproj", "{BBDFFA04-921E-A050-EA4C-49FA4CE2BC0B}"
EndProject
Project("{FAE04EC0-301F-11D3-BF4B-00C04F79EFBC}") = "Dash", "Dash.csproj", "{86BFAF11-3601-3234-BDF4-AEE689DDF974}"
EndProject
Project("{FAE04EC0-301F-11D3-BF4B-00C04F79EFBC}") = "Assembly-CSharp", "Assembly-CSharp.csproj", "{2436B99E-BEBA-42C3-8ED0-6FABEE41DD9D}"
EndProject
Project("{FAE04EC0-301F-11D3-BF4B-00C04F79EFBC}") = "WebCam", "WebCam.csproj", "{3566B937-D3DE-FC63-AD45-D4D417F539ED}"
EndProject
Project("{FAE04EC0-301F-11D3-BF4B-00C04F79EFBC}") = "CWI_cake", "CWI_cake.csproj", "{33D11D03-4AAB-2798-1721-CC104B0FCB90}"
EndProject
Project("{FAE04EC0-301F-11D3-BF4B-00C04F79EFBC}") = "BakeryEditorAssembly", "BakeryEditorAssembly.csproj", "{29BDF452-CF17-2B1C-E2D9-F4FB50AD89B6}"
EndProject
Project("{FAE04EC0-301F-11D3-BF4B-00C04F79EFBC}") = "VRTTools", "VRTTools.csproj", "{0355A315-5A8D-846B-06E4-9A7A3258088A}"
EndProject
Project("{FAE04EC0-301F-11D3-BF4B-00C04F79EFBC}") = "Pilots-Editor", "Pilots-Editor.csproj", "{5D5079A7-C41F-43E8-E4E0-70912994DFC5}"
EndProject
Global
	GlobalSection(SolutionConfigurationPlatforms) = preSolution
		Debug|Any CPU = Debug|Any CPU
		Release|Any CPU = Release|Any CPU
	EndGlobalSection
	GlobalSection(ProjectConfigurationPlatforms) = postSolution
		{20E6824F-EDE2-4162-6F1A-FD6661C29819}.Debug|Any CPU.ActiveCfg = Debug|Any CPU
		{20E6824F-EDE2-4162-6F1A-FD6661C29819}.Debug|Any CPU.Build.0 = Debug|Any CPU
		{20E6824F-EDE2-4162-6F1A-FD6661C29819}.Release|Any CPU.ActiveCfg = Release|Any CPU
		{20E6824F-EDE2-4162-6F1A-FD6661C29819}.Release|Any CPU.Build.0 = Release|Any CPU
		{2BF8ACA5-B084-BE0C-6365-E8D0B2040AB3}.Debug|Any CPU.ActiveCfg = Debug|Any CPU
		{2BF8ACA5-B084-BE0C-6365-E8D0B2040AB3}.Debug|Any CPU.Build.0 = Debug|Any CPU
		{2BF8ACA5-B084-BE0C-6365-E8D0B2040AB3}.Release|Any CPU.ActiveCfg = Release|Any CPU
		{2BF8ACA5-B084-BE0C-6365-E8D0B2040AB3}.Release|Any CPU.Build.0 = Release|Any CPU
		{78ECA8AC-ED85-FAE7-58DA-E53593D1D626}.Debug|Any CPU.ActiveCfg = Debug|Any CPU
		{78ECA8AC-ED85-FAE7-58DA-E53593D1D626}.Debug|Any CPU.Build.0 = Debug|Any CPU
		{78ECA8AC-ED85-FAE7-58DA-E53593D1D626}.Release|Any CPU.ActiveCfg = Release|Any CPU
		{78ECA8AC-ED85-FAE7-58DA-E53593D1D626}.Release|Any CPU.Build.0 = Release|Any CPU
		{6B16A9AE-3B8F-1DF8-7496-09F9828ED729}.Debug|Any CPU.ActiveCfg = Debug|Any CPU
		{6B16A9AE-3B8F-1DF8-7496-09F9828ED729}.Debug|Any CPU.Build.0 = Debug|Any CPU
		{6B16A9AE-3B8F-1DF8-7496-09F9828ED729}.Release|Any CPU.ActiveCfg = Release|Any CPU
		{6B16A9AE-3B8F-1DF8-7496-09F9828ED729}.Release|Any CPU.Build.0 = Release|Any CPU
		{9C7A8574-93DD-B6AB-FFD3-2342B8F3A2B6}.Debug|Any CPU.ActiveCfg = Debug|Any CPU
		{9C7A8574-93DD-B6AB-FFD3-2342B8F3A2B6}.Debug|Any CPU.Build.0 = Debug|Any CPU
		{9C7A8574-93DD-B6AB-FFD3-2342B8F3A2B6}.Release|Any CPU.ActiveCfg = Release|Any CPU
		{9C7A8574-93DD-B6AB-FFD3-2342B8F3A2B6}.Release|Any CPU.Build.0 = Release|Any CPU
		{16C96D37-A40B-0F26-837E-4E5EC33AAB20}.Debug|Any CPU.ActiveCfg = Debug|Any CPU
		{16C96D37-A40B-0F26-837E-4E5EC33AAB20}.Debug|Any CPU.Build.0 = Debug|Any CPU
		{16C96D37-A40B-0F26-837E-4E5EC33AAB20}.Release|Any CPU.ActiveCfg = Release|Any CPU
		{16C96D37-A40B-0F26-837E-4E5EC33AAB20}.Release|Any CPU.Build.0 = Release|Any CPU
		{29F1D0D8-216C-3EA8-5779-DC89321D5023}.Debug|Any CPU.ActiveCfg = Debug|Any CPU
		{29F1D0D8-216C-3EA8-5779-DC89321D5023}.Debug|Any CPU.Build.0 = Debug|Any CPU
		{29F1D0D8-216C-3EA8-5779-DC89321D5023}.Release|Any CPU.ActiveCfg = Release|Any CPU
		{29F1D0D8-216C-3EA8-5779-DC89321D5023}.Release|Any CPU.Build.0 = Release|Any CPU
		{FB3C2D74-F1A2-4191-2BD1-7C181BDC68FC}.Debug|Any CPU.ActiveCfg = Debug|Any CPU
		{FB3C2D74-F1A2-4191-2BD1-7C181BDC68FC}.Debug|Any CPU.Build.0 = Debug|Any CPU
		{FB3C2D74-F1A2-4191-2BD1-7C181BDC68FC}.Release|Any CPU.ActiveCfg = Release|Any CPU
		{FB3C2D74-F1A2-4191-2BD1-7C181BDC68FC}.Release|Any CPU.Build.0 = Release|Any CPU
		{9A4374F1-FD21-E30A-1127-CACD3F6AF278}.Debug|Any CPU.ActiveCfg = Debug|Any CPU
		{9A4374F1-FD21-E30A-1127-CACD3F6AF278}.Debug|Any CPU.Build.0 = Debug|Any CPU
		{9A4374F1-FD21-E30A-1127-CACD3F6AF278}.Release|Any CPU.ActiveCfg = Release|Any CPU
		{9A4374F1-FD21-E30A-1127-CACD3F6AF278}.Release|Any CPU.Build.0 = Release|Any CPU
		{12DAEDF0-EEC4-C629-7815-8FC46C431DB3}.Debug|Any CPU.ActiveCfg = Debug|Any CPU
		{12DAEDF0-EEC4-C629-7815-8FC46C431DB3}.Debug|Any CPU.Build.0 = Debug|Any CPU
		{12DAEDF0-EEC4-C629-7815-8FC46C431DB3}.Release|Any CPU.ActiveCfg = Release|Any CPU
		{12DAEDF0-EEC4-C629-7815-8FC46C431DB3}.Release|Any CPU.Build.0 = Release|Any CPU
		{AF6E20C1-C5B3-22BE-8992-A4927A0CD9D6}.Debug|Any CPU.ActiveCfg = Debug|Any CPU
		{AF6E20C1-C5B3-22BE-8992-A4927A0CD9D6}.Debug|Any CPU.Build.0 = Debug|Any CPU
		{AF6E20C1-C5B3-22BE-8992-A4927A0CD9D6}.Release|Any CPU.ActiveCfg = Release|Any CPU
		{AF6E20C1-C5B3-22BE-8992-A4927A0CD9D6}.Release|Any CPU.Build.0 = Release|Any CPU
		{1E77D60F-E256-E9E9-8E07-B0D7C8ADDD4A}.Debug|Any CPU.ActiveCfg = Debug|Any CPU
		{1E77D60F-E256-E9E9-8E07-B0D7C8ADDD4A}.Debug|Any CPU.Build.0 = Debug|Any CPU
		{1E77D60F-E256-E9E9-8E07-B0D7C8ADDD4A}.Release|Any CPU.ActiveCfg = Release|Any CPU
		{1E77D60F-E256-E9E9-8E07-B0D7C8ADDD4A}.Release|Any CPU.Build.0 = Release|Any CPU
		{EF928B3F-0D48-1E4D-4D99-DA8816A066A1}.Debug|Any CPU.ActiveCfg = Debug|Any CPU
		{EF928B3F-0D48-1E4D-4D99-DA8816A066A1}.Debug|Any CPU.Build.0 = Debug|Any CPU
		{EF928B3F-0D48-1E4D-4D99-DA8816A066A1}.Release|Any CPU.ActiveCfg = Release|Any CPU
		{EF928B3F-0D48-1E4D-4D99-DA8816A066A1}.Release|Any CPU.Build.0 = Release|Any CPU
		{0D937B14-DBEE-D82B-1997-31E4DE848463}.Debug|Any CPU.ActiveCfg = Debug|Any CPU
		{0D937B14-DBEE-D82B-1997-31E4DE848463}.Debug|Any CPU.Build.0 = Debug|Any CPU
		{0D937B14-DBEE-D82B-1997-31E4DE848463}.Release|Any CPU.ActiveCfg = Release|Any CPU
		{0D937B14-DBEE-D82B-1997-31E4DE848463}.Release|Any CPU.Build.0 = Release|Any CPU
		{B0583D18-6A1F-1BEB-5807-4077EBFBD891}.Debug|Any CPU.ActiveCfg = Debug|Any CPU
		{B0583D18-6A1F-1BEB-5807-4077EBFBD891}.Debug|Any CPU.Build.0 = Debug|Any CPU
		{B0583D18-6A1F-1BEB-5807-4077EBFBD891}.Release|Any CPU.ActiveCfg = Release|Any CPU
		{B0583D18-6A1F-1BEB-5807-4077EBFBD891}.Release|Any CPU.Build.0 = Release|Any CPU
		{F654CCA2-3B4E-530F-538E-3337C9A06BD7}.Debug|Any CPU.ActiveCfg = Debug|Any CPU
		{F654CCA2-3B4E-530F-538E-3337C9A06BD7}.Debug|Any CPU.Build.0 = Debug|Any CPU
		{F654CCA2-3B4E-530F-538E-3337C9A06BD7}.Release|Any CPU.ActiveCfg = Release|Any CPU
		{F654CCA2-3B4E-530F-538E-3337C9A06BD7}.Release|Any CPU.Build.0 = Release|Any CPU
		{BBDFFA04-921E-A050-EA4C-49FA4CE2BC0B}.Debug|Any CPU.ActiveCfg = Debug|Any CPU
		{BBDFFA04-921E-A050-EA4C-49FA4CE2BC0B}.Debug|Any CPU.Build.0 = Debug|Any CPU
		{BBDFFA04-921E-A050-EA4C-49FA4CE2BC0B}.Release|Any CPU.ActiveCfg = Release|Any CPU
		{BBDFFA04-921E-A050-EA4C-49FA4CE2BC0B}.Release|Any CPU.Build.0 = Release|Any CPU
		{86BFAF11-3601-3234-BDF4-AEE689DDF974}.Debug|Any CPU.ActiveCfg = Debug|Any CPU
		{86BFAF11-3601-3234-BDF4-AEE689DDF974}.Debug|Any CPU.Build.0 = Debug|Any CPU
		{86BFAF11-3601-3234-BDF4-AEE689DDF974}.Release|Any CPU.ActiveCfg = Release|Any CPU
		{86BFAF11-3601-3234-BDF4-AEE689DDF974}.Release|Any CPU.Build.0 = Release|Any CPU
		{2436B99E-BEBA-42C3-8ED0-6FABEE41DD9D}.Debug|Any CPU.ActiveCfg = Debug|Any CPU
		{2436B99E-BEBA-42C3-8ED0-6FABEE41DD9D}.Debug|Any CPU.Build.0 = Debug|Any CPU
		{2436B99E-BEBA-42C3-8ED0-6FABEE41DD9D}.Release|Any CPU.ActiveCfg = Release|Any CPU
		{2436B99E-BEBA-42C3-8ED0-6FABEE41DD9D}.Release|Any CPU.Build.0 = Release|Any CPU
		{3566B937-D3DE-FC63-AD45-D4D417F539ED}.Debug|Any CPU.ActiveCfg = Debug|Any CPU
		{3566B937-D3DE-FC63-AD45-D4D417F539ED}.Debug|Any CPU.Build.0 = Debug|Any CPU
		{3566B937-D3DE-FC63-AD45-D4D417F539ED}.Release|Any CPU.ActiveCfg = Release|Any CPU
		{3566B937-D3DE-FC63-AD45-D4D417F539ED}.Release|Any CPU.Build.0 = Release|Any CPU
		{33D11D03-4AAB-2798-1721-CC104B0FCB90}.Debug|Any CPU.ActiveCfg = Debug|Any CPU
		{33D11D03-4AAB-2798-1721-CC104B0FCB90}.Debug|Any CPU.Build.0 = Debug|Any CPU
		{33D11D03-4AAB-2798-1721-CC104B0FCB90}.Release|Any CPU.ActiveCfg = Release|Any CPU
		{33D11D03-4AAB-2798-1721-CC104B0FCB90}.Release|Any CPU.Build.0 = Release|Any CPU
		{29BDF452-CF17-2B1C-E2D9-F4FB50AD89B6}.Debug|Any CPU.ActiveCfg = Debug|Any CPU
		{29BDF452-CF17-2B1C-E2D9-F4FB50AD89B6}.Debug|Any CPU.Build.0 = Debug|Any CPU
		{29BDF452-CF17-2B1C-E2D9-F4FB50AD89B6}.Release|Any CPU.ActiveCfg = Release|Any CPU
		{29BDF452-CF17-2B1C-E2D9-F4FB50AD89B6}.Release|Any CPU.Build.0 = Release|Any CPU
		{0355A315-5A8D-846B-06E4-9A7A3258088A}.Debug|Any CPU.ActiveCfg = Debug|Any CPU
		{0355A315-5A8D-846B-06E4-9A7A3258088A}.Debug|Any CPU.Build.0 = Debug|Any CPU
		{0355A315-5A8D-846B-06E4-9A7A3258088A}.Release|Any CPU.ActiveCfg = Release|Any CPU
		{0355A315-5A8D-846B-06E4-9A7A3258088A}.Release|Any CPU.Build.0 = Release|Any CPU
		{5D5079A7-C41F-43E8-E4E0-70912994DFC5}.Debug|Any CPU.ActiveCfg = Debug|Any CPU
		{5D5079A7-C41F-43E8-E4E0-70912994DFC5}.Debug|Any CPU.Build.0 = Debug|Any CPU
		{5D5079A7-C41F-43E8-E4E0-70912994DFC5}.Release|Any CPU.ActiveCfg = Release|Any CPU
		{5D5079A7-C41F-43E8-E4E0-70912994DFC5}.Release|Any CPU.Build.0 = Release|Any CPU
	EndGlobalSection
	GlobalSection(SolutionProperties) = preSolution
		HideSolutionNode = FALSE
	EndGlobalSection
EndGlobal
