
Microsoft Visual Studio Solution File, Format Version 12.00
# Visual Studio 15
Project("{FAE04EC0-301F-11D3-BF4B-00C04F79EFBC}") = "BestHTTP", "BestHTTP.csproj", "{DF18374F-B68D-46BF-D871-3C507F152EB3}"
EndProject
Project("{FAE04EC0-301F-11D3-BF4B-00C04F79EFBC}") = "DevelopmentTests", "DevelopmentTests.csproj", "{C85DEC48-A064-0BC0-467A-3D85EA78139B}"
EndProject
Project("{FAE04EC0-301F-11D3-BF4B-00C04F79EFBC}") = "SteamVR", "SteamVR.csproj", "{63C8358F-E886-CA9F-7952-BBB57725EED8}"
EndProject
Project("{FAE04EC0-301F-11D3-BF4B-00C04F79EFBC}") = "Assembly-CSharp", "Assembly-CSharp.csproj", "{D76D0FC0-5C07-14D3-C726-5C666BC1F457}"
EndProject
Project("{FAE04EC0-301F-11D3-BF4B-00C04F79EFBC}") = "Pilots", "Pilots.csproj", "{66FFE18C-418E-9630-86CB-2920090CBB1B}"
EndProject
Project("{FAE04EC0-301F-11D3-BF4B-00C04F79EFBC}") = "Voice", "Voice.csproj", "{4035F19E-2BD8-D9A0-2D1C-6BECE28AA72D}"
EndProject
Project("{FAE04EC0-301F-11D3-BF4B-00C04F79EFBC}") = "VRTCore", "VRTCore.csproj", "{8319996C-F724-25C3-0D57-429E2B45696C}"
EndProject
Project("{FAE04EC0-301F-11D3-BF4B-00C04F79EFBC}") = "PointClouds", "PointClouds.csproj", "{0B935A41-DB3C-10ED-6672-A52F682F07C4}"
EndProject
Project("{FAE04EC0-301F-11D3-BF4B-00C04F79EFBC}") = "Orchestrator", "Orchestrator.csproj", "{F0C58C3C-945B-78CC-0EBE-AC040B8EBECF}"
EndProject
Project("{FAE04EC0-301F-11D3-BF4B-00C04F79EFBC}") = "BakeryRuntimeAssembly", "BakeryRuntimeAssembly.csproj", "{DC75A207-CDE6-B7CE-38C8-3EF4798A2EC4}"
EndProject
Project("{FAE04EC0-301F-11D3-BF4B-00C04F79EFBC}") = "Dash", "Dash.csproj", "{5232390B-7EA0-076E-32E1-A283334D38B9}"
EndProject
Project("{FAE04EC0-301F-11D3-BF4B-00C04F79EFBC}") = "LoginManager", "LoginManager.csproj", "{2A5ADEA8-D023-3A0B-035C-B091738CB933}"
EndProject
Project("{FAE04EC0-301F-11D3-BF4B-00C04F79EFBC}") = "VRTVideo", "VRTVideo.csproj", "{3A1E4E6F-520B-A2AB-5672-2BDF2046E0B7}"
EndProject
Project("{FAE04EC0-301F-11D3-BF4B-00C04F79EFBC}") = "SocketIO", "SocketIO.csproj", "{2C602079-0A31-E72E-26AD-2CEB097DFCF6}"
EndProject
Project("{FAE04EC0-301F-11D3-BF4B-00C04F79EFBC}") = "VRTInitializer", "VRTInitializer.csproj", "{FF6312F7-88EA-C2EF-3503-BF9A03F196BD}"
EndProject
Project("{FAE04EC0-301F-11D3-BF4B-00C04F79EFBC}") = "Pilot0", "Pilot0.csproj", "{C6DAEE39-304A-8762-290A-C5A168612BD4}"
EndProject
Project("{FAE04EC0-301F-11D3-BF4B-00C04F79EFBC}") = "SteamVR_Actions", "SteamVR_Actions.csproj", "{900E6CA2-11FF-B43C-FB59-6848A19CD434}"
EndProject
Project("{FAE04EC0-301F-11D3-BF4B-00C04F79EFBC}") = "VRTProfiler", "VRTProfiler.csproj", "{FB84369D-2764-DD48-779E-C09DA7D827CC}"
EndProject
Project("{FAE04EC0-301F-11D3-BF4B-00C04F79EFBC}") = "WebCam", "WebCam.csproj", "{DCB26CB6-6D98-DF30-0C2A-66123ABA02CB}"
EndProject
Project("{FAE04EC0-301F-11D3-BF4B-00C04F79EFBC}") = "VRTeleporter", "VRTeleporter.csproj", "{53C76830-173B-93B5-C1C5-4FF6FC9008E8}"
EndProject
Project("{FAE04EC0-301F-11D3-BF4B-00C04F79EFBC}") = "SelfCalibration", "SelfCalibration.csproj", "{017FA5DE-1436-53EC-C977-588470B3C427}"
EndProject
Project("{FAE04EC0-301F-11D3-BF4B-00C04F79EFBC}") = "TCP", "TCP.csproj", "{C0038044-364C-212D-AE59-68A86ED03163}"
EndProject
Project("{FAE04EC0-301F-11D3-BF4B-00C04F79EFBC}") = "SteamVR_Editor", "SteamVR_Editor.csproj", "{F387A2E8-7EB0-451C-B678-DB2AB897ACD6}"
EndProject
Project("{FAE04EC0-301F-11D3-BF4B-00C04F79EFBC}") = "BakeryEditorAssembly", "BakeryEditorAssembly.csproj", "{D8F98A44-D82C-7348-150A-B36282F7416E}"
EndProject
Project("{FAE04EC0-301F-11D3-BF4B-00C04F79EFBC}") = "SteamVR_Input_Editor", "SteamVR_Input_Editor.csproj", "{DA463588-CDD2-FBD9-E078-ADD4A60F3FE5}"
EndProject
Project("{FAE04EC0-301F-11D3-BF4B-00C04F79EFBC}") = "Assembly-CSharp-Editor", "Assembly-CSharp-Editor.csproj", "{DDC0F317-4D9C-E51B-EBCC-5D0C74CD5FBA}"
EndProject
Project("{FAE04EC0-301F-11D3-BF4B-00C04F79EFBC}") = "VRTTools", "VRTTools.csproj", "{BCB276A7-9603-C8DB-00B3-ABB839792C41}"
EndProject
Project("{FAE04EC0-301F-11D3-BF4B-00C04F79EFBC}") = "Pilots-Editor", "Pilots-Editor.csproj", "{9D0B1EB4-3C21-341F-D146-A013E6E189F3}"
EndProject
Project("{FAE04EC0-301F-11D3-BF4B-00C04F79EFBC}") = "SteamVR_Windows_EditorHelper", "SteamVR_Windows_EditorHelper.csproj", "{B8A7EB67-943D-B6FE-F513-C11277817841}"
EndProject
Global
	GlobalSection(SolutionConfigurationPlatforms) = preSolution
		Debug|Any CPU = Debug|Any CPU
		Release|Any CPU = Release|Any CPU
	EndGlobalSection
	GlobalSection(ProjectConfigurationPlatforms) = postSolution
		{DF18374F-B68D-46BF-D871-3C507F152EB3}.Debug|Any CPU.ActiveCfg = Debug|Any CPU
		{DF18374F-B68D-46BF-D871-3C507F152EB3}.Debug|Any CPU.Build.0 = Debug|Any CPU
		{DF18374F-B68D-46BF-D871-3C507F152EB3}.Release|Any CPU.ActiveCfg = Release|Any CPU
		{DF18374F-B68D-46BF-D871-3C507F152EB3}.Release|Any CPU.Build.0 = Release|Any CPU
		{C85DEC48-A064-0BC0-467A-3D85EA78139B}.Debug|Any CPU.ActiveCfg = Debug|Any CPU
		{C85DEC48-A064-0BC0-467A-3D85EA78139B}.Debug|Any CPU.Build.0 = Debug|Any CPU
		{C85DEC48-A064-0BC0-467A-3D85EA78139B}.Release|Any CPU.ActiveCfg = Release|Any CPU
		{C85DEC48-A064-0BC0-467A-3D85EA78139B}.Release|Any CPU.Build.0 = Release|Any CPU
		{63C8358F-E886-CA9F-7952-BBB57725EED8}.Debug|Any CPU.ActiveCfg = Debug|Any CPU
		{63C8358F-E886-CA9F-7952-BBB57725EED8}.Debug|Any CPU.Build.0 = Debug|Any CPU
		{63C8358F-E886-CA9F-7952-BBB57725EED8}.Release|Any CPU.ActiveCfg = Release|Any CPU
		{63C8358F-E886-CA9F-7952-BBB57725EED8}.Release|Any CPU.Build.0 = Release|Any CPU
		{D76D0FC0-5C07-14D3-C726-5C666BC1F457}.Debug|Any CPU.ActiveCfg = Debug|Any CPU
		{D76D0FC0-5C07-14D3-C726-5C666BC1F457}.Debug|Any CPU.Build.0 = Debug|Any CPU
		{D76D0FC0-5C07-14D3-C726-5C666BC1F457}.Release|Any CPU.ActiveCfg = Release|Any CPU
		{D76D0FC0-5C07-14D3-C726-5C666BC1F457}.Release|Any CPU.Build.0 = Release|Any CPU
		{66FFE18C-418E-9630-86CB-2920090CBB1B}.Debug|Any CPU.ActiveCfg = Debug|Any CPU
		{66FFE18C-418E-9630-86CB-2920090CBB1B}.Debug|Any CPU.Build.0 = Debug|Any CPU
		{66FFE18C-418E-9630-86CB-2920090CBB1B}.Release|Any CPU.ActiveCfg = Release|Any CPU
		{66FFE18C-418E-9630-86CB-2920090CBB1B}.Release|Any CPU.Build.0 = Release|Any CPU
		{4035F19E-2BD8-D9A0-2D1C-6BECE28AA72D}.Debug|Any CPU.ActiveCfg = Debug|Any CPU
		{4035F19E-2BD8-D9A0-2D1C-6BECE28AA72D}.Debug|Any CPU.Build.0 = Debug|Any CPU
		{4035F19E-2BD8-D9A0-2D1C-6BECE28AA72D}.Release|Any CPU.ActiveCfg = Release|Any CPU
		{4035F19E-2BD8-D9A0-2D1C-6BECE28AA72D}.Release|Any CPU.Build.0 = Release|Any CPU
		{8319996C-F724-25C3-0D57-429E2B45696C}.Debug|Any CPU.ActiveCfg = Debug|Any CPU
		{8319996C-F724-25C3-0D57-429E2B45696C}.Debug|Any CPU.Build.0 = Debug|Any CPU
		{8319996C-F724-25C3-0D57-429E2B45696C}.Release|Any CPU.ActiveCfg = Release|Any CPU
		{8319996C-F724-25C3-0D57-429E2B45696C}.Release|Any CPU.Build.0 = Release|Any CPU
		{0B935A41-DB3C-10ED-6672-A52F682F07C4}.Debug|Any CPU.ActiveCfg = Debug|Any CPU
		{0B935A41-DB3C-10ED-6672-A52F682F07C4}.Debug|Any CPU.Build.0 = Debug|Any CPU
		{0B935A41-DB3C-10ED-6672-A52F682F07C4}.Release|Any CPU.ActiveCfg = Release|Any CPU
		{0B935A41-DB3C-10ED-6672-A52F682F07C4}.Release|Any CPU.Build.0 = Release|Any CPU
		{F0C58C3C-945B-78CC-0EBE-AC040B8EBECF}.Debug|Any CPU.ActiveCfg = Debug|Any CPU
		{F0C58C3C-945B-78CC-0EBE-AC040B8EBECF}.Debug|Any CPU.Build.0 = Debug|Any CPU
		{F0C58C3C-945B-78CC-0EBE-AC040B8EBECF}.Release|Any CPU.ActiveCfg = Release|Any CPU
		{F0C58C3C-945B-78CC-0EBE-AC040B8EBECF}.Release|Any CPU.Build.0 = Release|Any CPU
		{DC75A207-CDE6-B7CE-38C8-3EF4798A2EC4}.Debug|Any CPU.ActiveCfg = Debug|Any CPU
		{DC75A207-CDE6-B7CE-38C8-3EF4798A2EC4}.Debug|Any CPU.Build.0 = Debug|Any CPU
		{DC75A207-CDE6-B7CE-38C8-3EF4798A2EC4}.Release|Any CPU.ActiveCfg = Release|Any CPU
		{DC75A207-CDE6-B7CE-38C8-3EF4798A2EC4}.Release|Any CPU.Build.0 = Release|Any CPU
		{5232390B-7EA0-076E-32E1-A283334D38B9}.Debug|Any CPU.ActiveCfg = Debug|Any CPU
		{5232390B-7EA0-076E-32E1-A283334D38B9}.Debug|Any CPU.Build.0 = Debug|Any CPU
		{5232390B-7EA0-076E-32E1-A283334D38B9}.Release|Any CPU.ActiveCfg = Release|Any CPU
		{5232390B-7EA0-076E-32E1-A283334D38B9}.Release|Any CPU.Build.0 = Release|Any CPU
		{2A5ADEA8-D023-3A0B-035C-B091738CB933}.Debug|Any CPU.ActiveCfg = Debug|Any CPU
		{2A5ADEA8-D023-3A0B-035C-B091738CB933}.Debug|Any CPU.Build.0 = Debug|Any CPU
		{2A5ADEA8-D023-3A0B-035C-B091738CB933}.Release|Any CPU.ActiveCfg = Release|Any CPU
		{2A5ADEA8-D023-3A0B-035C-B091738CB933}.Release|Any CPU.Build.0 = Release|Any CPU
		{3A1E4E6F-520B-A2AB-5672-2BDF2046E0B7}.Debug|Any CPU.ActiveCfg = Debug|Any CPU
		{3A1E4E6F-520B-A2AB-5672-2BDF2046E0B7}.Debug|Any CPU.Build.0 = Debug|Any CPU
		{3A1E4E6F-520B-A2AB-5672-2BDF2046E0B7}.Release|Any CPU.ActiveCfg = Release|Any CPU
		{3A1E4E6F-520B-A2AB-5672-2BDF2046E0B7}.Release|Any CPU.Build.0 = Release|Any CPU
		{2C602079-0A31-E72E-26AD-2CEB097DFCF6}.Debug|Any CPU.ActiveCfg = Debug|Any CPU
		{2C602079-0A31-E72E-26AD-2CEB097DFCF6}.Debug|Any CPU.Build.0 = Debug|Any CPU
		{2C602079-0A31-E72E-26AD-2CEB097DFCF6}.Release|Any CPU.ActiveCfg = Release|Any CPU
		{2C602079-0A31-E72E-26AD-2CEB097DFCF6}.Release|Any CPU.Build.0 = Release|Any CPU
		{FF6312F7-88EA-C2EF-3503-BF9A03F196BD}.Debug|Any CPU.ActiveCfg = Debug|Any CPU
		{FF6312F7-88EA-C2EF-3503-BF9A03F196BD}.Debug|Any CPU.Build.0 = Debug|Any CPU
		{FF6312F7-88EA-C2EF-3503-BF9A03F196BD}.Release|Any CPU.ActiveCfg = Release|Any CPU
		{FF6312F7-88EA-C2EF-3503-BF9A03F196BD}.Release|Any CPU.Build.0 = Release|Any CPU
		{C6DAEE39-304A-8762-290A-C5A168612BD4}.Debug|Any CPU.ActiveCfg = Debug|Any CPU
		{C6DAEE39-304A-8762-290A-C5A168612BD4}.Debug|Any CPU.Build.0 = Debug|Any CPU
		{C6DAEE39-304A-8762-290A-C5A168612BD4}.Release|Any CPU.ActiveCfg = Release|Any CPU
		{C6DAEE39-304A-8762-290A-C5A168612BD4}.Release|Any CPU.Build.0 = Release|Any CPU
		{900E6CA2-11FF-B43C-FB59-6848A19CD434}.Debug|Any CPU.ActiveCfg = Debug|Any CPU
		{900E6CA2-11FF-B43C-FB59-6848A19CD434}.Debug|Any CPU.Build.0 = Debug|Any CPU
		{900E6CA2-11FF-B43C-FB59-6848A19CD434}.Release|Any CPU.ActiveCfg = Release|Any CPU
		{900E6CA2-11FF-B43C-FB59-6848A19CD434}.Release|Any CPU.Build.0 = Release|Any CPU
		{FB84369D-2764-DD48-779E-C09DA7D827CC}.Debug|Any CPU.ActiveCfg = Debug|Any CPU
		{FB84369D-2764-DD48-779E-C09DA7D827CC}.Debug|Any CPU.Build.0 = Debug|Any CPU
		{FB84369D-2764-DD48-779E-C09DA7D827CC}.Release|Any CPU.ActiveCfg = Release|Any CPU
		{FB84369D-2764-DD48-779E-C09DA7D827CC}.Release|Any CPU.Build.0 = Release|Any CPU
		{DCB26CB6-6D98-DF30-0C2A-66123ABA02CB}.Debug|Any CPU.ActiveCfg = Debug|Any CPU
		{DCB26CB6-6D98-DF30-0C2A-66123ABA02CB}.Debug|Any CPU.Build.0 = Debug|Any CPU
		{DCB26CB6-6D98-DF30-0C2A-66123ABA02CB}.Release|Any CPU.ActiveCfg = Release|Any CPU
		{DCB26CB6-6D98-DF30-0C2A-66123ABA02CB}.Release|Any CPU.Build.0 = Release|Any CPU
		{53C76830-173B-93B5-C1C5-4FF6FC9008E8}.Debug|Any CPU.ActiveCfg = Debug|Any CPU
		{53C76830-173B-93B5-C1C5-4FF6FC9008E8}.Debug|Any CPU.Build.0 = Debug|Any CPU
		{53C76830-173B-93B5-C1C5-4FF6FC9008E8}.Release|Any CPU.ActiveCfg = Release|Any CPU
		{53C76830-173B-93B5-C1C5-4FF6FC9008E8}.Release|Any CPU.Build.0 = Release|Any CPU
		{017FA5DE-1436-53EC-C977-588470B3C427}.Debug|Any CPU.ActiveCfg = Debug|Any CPU
		{017FA5DE-1436-53EC-C977-588470B3C427}.Debug|Any CPU.Build.0 = Debug|Any CPU
		{017FA5DE-1436-53EC-C977-588470B3C427}.Release|Any CPU.ActiveCfg = Release|Any CPU
		{017FA5DE-1436-53EC-C977-588470B3C427}.Release|Any CPU.Build.0 = Release|Any CPU
		{C0038044-364C-212D-AE59-68A86ED03163}.Debug|Any CPU.ActiveCfg = Debug|Any CPU
		{C0038044-364C-212D-AE59-68A86ED03163}.Debug|Any CPU.Build.0 = Debug|Any CPU
		{C0038044-364C-212D-AE59-68A86ED03163}.Release|Any CPU.ActiveCfg = Release|Any CPU
		{C0038044-364C-212D-AE59-68A86ED03163}.Release|Any CPU.Build.0 = Release|Any CPU
		{F387A2E8-7EB0-451C-B678-DB2AB897ACD6}.Debug|Any CPU.ActiveCfg = Debug|Any CPU
		{F387A2E8-7EB0-451C-B678-DB2AB897ACD6}.Debug|Any CPU.Build.0 = Debug|Any CPU
		{F387A2E8-7EB0-451C-B678-DB2AB897ACD6}.Release|Any CPU.ActiveCfg = Release|Any CPU
		{F387A2E8-7EB0-451C-B678-DB2AB897ACD6}.Release|Any CPU.Build.0 = Release|Any CPU
		{D8F98A44-D82C-7348-150A-B36282F7416E}.Debug|Any CPU.ActiveCfg = Debug|Any CPU
		{D8F98A44-D82C-7348-150A-B36282F7416E}.Debug|Any CPU.Build.0 = Debug|Any CPU
		{D8F98A44-D82C-7348-150A-B36282F7416E}.Release|Any CPU.ActiveCfg = Release|Any CPU
		{D8F98A44-D82C-7348-150A-B36282F7416E}.Release|Any CPU.Build.0 = Release|Any CPU
		{DA463588-CDD2-FBD9-E078-ADD4A60F3FE5}.Debug|Any CPU.ActiveCfg = Debug|Any CPU
		{DA463588-CDD2-FBD9-E078-ADD4A60F3FE5}.Debug|Any CPU.Build.0 = Debug|Any CPU
		{DA463588-CDD2-FBD9-E078-ADD4A60F3FE5}.Release|Any CPU.ActiveCfg = Release|Any CPU
		{DA463588-CDD2-FBD9-E078-ADD4A60F3FE5}.Release|Any CPU.Build.0 = Release|Any CPU
		{DDC0F317-4D9C-E51B-EBCC-5D0C74CD5FBA}.Debug|Any CPU.ActiveCfg = Debug|Any CPU
		{DDC0F317-4D9C-E51B-EBCC-5D0C74CD5FBA}.Debug|Any CPU.Build.0 = Debug|Any CPU
		{DDC0F317-4D9C-E51B-EBCC-5D0C74CD5FBA}.Release|Any CPU.ActiveCfg = Release|Any CPU
		{DDC0F317-4D9C-E51B-EBCC-5D0C74CD5FBA}.Release|Any CPU.Build.0 = Release|Any CPU
		{BCB276A7-9603-C8DB-00B3-ABB839792C41}.Debug|Any CPU.ActiveCfg = Debug|Any CPU
		{BCB276A7-9603-C8DB-00B3-ABB839792C41}.Debug|Any CPU.Build.0 = Debug|Any CPU
		{BCB276A7-9603-C8DB-00B3-ABB839792C41}.Release|Any CPU.ActiveCfg = Release|Any CPU
		{BCB276A7-9603-C8DB-00B3-ABB839792C41}.Release|Any CPU.Build.0 = Release|Any CPU
		{9D0B1EB4-3C21-341F-D146-A013E6E189F3}.Debug|Any CPU.ActiveCfg = Debug|Any CPU
		{9D0B1EB4-3C21-341F-D146-A013E6E189F3}.Debug|Any CPU.Build.0 = Debug|Any CPU
		{9D0B1EB4-3C21-341F-D146-A013E6E189F3}.Release|Any CPU.ActiveCfg = Release|Any CPU
		{9D0B1EB4-3C21-341F-D146-A013E6E189F3}.Release|Any CPU.Build.0 = Release|Any CPU
		{B8A7EB67-943D-B6FE-F513-C11277817841}.Debug|Any CPU.ActiveCfg = Debug|Any CPU
		{B8A7EB67-943D-B6FE-F513-C11277817841}.Debug|Any CPU.Build.0 = Debug|Any CPU
		{B8A7EB67-943D-B6FE-F513-C11277817841}.Release|Any CPU.ActiveCfg = Release|Any CPU
		{B8A7EB67-943D-B6FE-F513-C11277817841}.Release|Any CPU.Build.0 = Release|Any CPU
	EndGlobalSection
	GlobalSection(SolutionProperties) = preSolution
		HideSolutionNode = FALSE
	EndGlobalSection
EndGlobal
