
Microsoft Visual Studio Solution File, Format Version 12.00
# Visual Studio 15
Project("{FAE04EC0-301F-11D3-BF4B-00C04F79EFBC}") = "BestHTTP", "BestHTTP.csproj", "{81918396-0C35-3D4B-A20A-0ED1B22DE3F8}"
EndProject
Project("{FAE04EC0-301F-11D3-BF4B-00C04F79EFBC}") = "PointClouds", "PointClouds.csproj", "{5B600D5C-D043-7969-2C5A-81758EDEAD00}"
EndProject
Project("{FAE04EC0-301F-11D3-BF4B-00C04F79EFBC}") = "Pilots", "Pilots.csproj", "{3FB4D4BE-D4B3-2C5B-86BF-B70636D6D144}"
EndProject
Project("{FAE04EC0-301F-11D3-BF4B-00C04F79EFBC}") = "DevelopmentTests", "DevelopmentTests.csproj", "{B846F461-628D-8711-7E19-FCE1F4DE9AC5}"
EndProject
Project("{FAE04EC0-301F-11D3-BF4B-00C04F79EFBC}") = "Voice", "Voice.csproj", "{746E6A23-5BCC-03B7-78C6-FDB639346645}"
EndProject
Project("{FAE04EC0-301F-11D3-BF4B-00C04F79EFBC}") = "VRTCore", "VRTCore.csproj", "{BE485F14-4535-0081-4A1E-33FD011E7124}"
EndProject
Project("{FAE04EC0-301F-11D3-BF4B-00C04F79EFBC}") = "LivePresenter", "LivePresenter.csproj", "{DF4FE85E-DB3B-1B6C-8D9E-2455596C0BE4}"
EndProject
Project("{FAE04EC0-301F-11D3-BF4B-00C04F79EFBC}") = "GUB", "GUB.csproj", "{93699636-8FC6-FBCE-02EE-2083DA8B13AF}"
EndProject
Project("{FAE04EC0-301F-11D3-BF4B-00C04F79EFBC}") = "Assembly-CSharp", "Assembly-CSharp.csproj", "{BD298844-EA94-31A9-7FCC-D3E6D47F6974}"
EndProject
Project("{FAE04EC0-301F-11D3-BF4B-00C04F79EFBC}") = "Orchestrator", "Orchestrator.csproj", "{AF5DCD14-45FF-8951-1427-134E12122EAF}"
EndProject
Project("{FAE04EC0-301F-11D3-BF4B-00C04F79EFBC}") = "BakeryRuntimeAssembly", "BakeryRuntimeAssembly.csproj", "{4B87E3E7-18DE-517F-5635-15E0E2858FAB}"
EndProject
Project("{FAE04EC0-301F-11D3-BF4B-00C04F79EFBC}") = "TVM", "TVM.csproj", "{548CCF36-4F06-28A5-3A4A-D9045903D6B4}"
EndProject
Project("{FAE04EC0-301F-11D3-BF4B-00C04F79EFBC}") = "Dash", "Dash.csproj", "{F0103136-2E1D-AAF6-60FC-AC50936D4E66}"
EndProject
Project("{FAE04EC0-301F-11D3-BF4B-00C04F79EFBC}") = "LoginManager", "LoginManager.csproj", "{F47B9FA6-3027-950B-176C-A6BBF842EFB5}"
EndProject
Project("{FAE04EC0-301F-11D3-BF4B-00C04F79EFBC}") = "VRTVideo", "VRTVideo.csproj", "{32CF875C-5453-4D79-525B-347B245197AD}"
EndProject
Project("{FAE04EC0-301F-11D3-BF4B-00C04F79EFBC}") = "SocketIO", "SocketIO.csproj", "{6BC3E0CD-D12F-BA88-1208-42F51535F27C}"
EndProject
Project("{FAE04EC0-301F-11D3-BF4B-00C04F79EFBC}") = "MediaScape", "MediaScape.csproj", "{D67ACB19-D25C-1C71-833B-3F543DD53CFF}"
EndProject
Project("{FAE04EC0-301F-11D3-BF4B-00C04F79EFBC}") = "VRTInitializer", "VRTInitializer.csproj", "{36DEB49D-B4C9-6573-95D9-B3D715CEFD84}"
EndProject
Project("{FAE04EC0-301F-11D3-BF4B-00C04F79EFBC}") = "Pilot0", "Pilot0.csproj", "{5DF23B57-2B72-7927-BE02-B10FED6A19D1}"
EndProject
Project("{FAE04EC0-301F-11D3-BF4B-00C04F79EFBC}") = "VRTProfiler", "VRTProfiler.csproj", "{3E9A9631-29DE-EE3F-9E58-DD5CF2595B13}"
EndProject
Project("{FAE04EC0-301F-11D3-BF4B-00C04F79EFBC}") = "WebCam", "WebCam.csproj", "{DB70265D-06BC-1B74-0F36-5D157365B7AD}"
EndProject
Project("{FAE04EC0-301F-11D3-BF4B-00C04F79EFBC}") = "VRTeleporter", "VRTeleporter.csproj", "{D8BB52B6-F36D-5303-C00D-3239341D0D4E}"
EndProject
Project("{FAE04EC0-301F-11D3-BF4B-00C04F79EFBC}") = "VRTMCU", "VRTMCU.csproj", "{40E52170-B7CF-5E39-3692-5B6A41A314CA}"
EndProject
Project("{FAE04EC0-301F-11D3-BF4B-00C04F79EFBC}") = "SelfCalibration", "SelfCalibration.csproj", "{87725A6D-7732-858C-449E-185CA5B41866}"
EndProject
Project("{FAE04EC0-301F-11D3-BF4B-00C04F79EFBC}") = "TCP", "TCP.csproj", "{466DA35B-2BE3-83B2-0F60-163EEC86B0EC}"
EndProject
Project("{FAE04EC0-301F-11D3-BF4B-00C04F79EFBC}") = "RabbitMQ", "RabbitMQ.csproj", "{A400FF0F-6C04-190A-7D2F-DF4E2C1036DB}"
EndProject
Project("{FAE04EC0-301F-11D3-BF4B-00C04F79EFBC}") = "BakeryEditorAssembly", "BakeryEditorAssembly.csproj", "{4911632A-FE40-DC2A-2EB5-A068097B4D51}"
EndProject
Project("{FAE04EC0-301F-11D3-BF4B-00C04F79EFBC}") = "Assembly-CSharp-Editor", "Assembly-CSharp-Editor.csproj", "{4C5954D9-0C26-081A-FE64-14C95908B29B}"
EndProject
Project("{FAE04EC0-301F-11D3-BF4B-00C04F79EFBC}") = "VRTTools", "VRTTools.csproj", "{CC4DDCE1-9113-2515-5129-C1E882890F91}"
EndProject
Project("{FAE04EC0-301F-11D3-BF4B-00C04F79EFBC}") = "Pilots-Editor", "Pilots-Editor.csproj", "{F40F8969-6764-B2AC-8EDA-D3E70CFC4541}"
EndProject
Global
	GlobalSection(SolutionConfigurationPlatforms) = preSolution
		Debug|Any CPU = Debug|Any CPU
		Release|Any CPU = Release|Any CPU
	EndGlobalSection
	GlobalSection(ProjectConfigurationPlatforms) = postSolution
		{81918396-0C35-3D4B-A20A-0ED1B22DE3F8}.Debug|Any CPU.ActiveCfg = Debug|Any CPU
		{81918396-0C35-3D4B-A20A-0ED1B22DE3F8}.Debug|Any CPU.Build.0 = Debug|Any CPU
		{81918396-0C35-3D4B-A20A-0ED1B22DE3F8}.Release|Any CPU.ActiveCfg = Release|Any CPU
		{81918396-0C35-3D4B-A20A-0ED1B22DE3F8}.Release|Any CPU.Build.0 = Release|Any CPU
		{5B600D5C-D043-7969-2C5A-81758EDEAD00}.Debug|Any CPU.ActiveCfg = Debug|Any CPU
		{5B600D5C-D043-7969-2C5A-81758EDEAD00}.Debug|Any CPU.Build.0 = Debug|Any CPU
		{5B600D5C-D043-7969-2C5A-81758EDEAD00}.Release|Any CPU.ActiveCfg = Release|Any CPU
		{5B600D5C-D043-7969-2C5A-81758EDEAD00}.Release|Any CPU.Build.0 = Release|Any CPU
		{3FB4D4BE-D4B3-2C5B-86BF-B70636D6D144}.Debug|Any CPU.ActiveCfg = Debug|Any CPU
		{3FB4D4BE-D4B3-2C5B-86BF-B70636D6D144}.Debug|Any CPU.Build.0 = Debug|Any CPU
		{3FB4D4BE-D4B3-2C5B-86BF-B70636D6D144}.Release|Any CPU.ActiveCfg = Release|Any CPU
		{3FB4D4BE-D4B3-2C5B-86BF-B70636D6D144}.Release|Any CPU.Build.0 = Release|Any CPU
		{B846F461-628D-8711-7E19-FCE1F4DE9AC5}.Debug|Any CPU.ActiveCfg = Debug|Any CPU
		{B846F461-628D-8711-7E19-FCE1F4DE9AC5}.Debug|Any CPU.Build.0 = Debug|Any CPU
		{B846F461-628D-8711-7E19-FCE1F4DE9AC5}.Release|Any CPU.ActiveCfg = Release|Any CPU
		{B846F461-628D-8711-7E19-FCE1F4DE9AC5}.Release|Any CPU.Build.0 = Release|Any CPU
		{746E6A23-5BCC-03B7-78C6-FDB639346645}.Debug|Any CPU.ActiveCfg = Debug|Any CPU
		{746E6A23-5BCC-03B7-78C6-FDB639346645}.Debug|Any CPU.Build.0 = Debug|Any CPU
		{746E6A23-5BCC-03B7-78C6-FDB639346645}.Release|Any CPU.ActiveCfg = Release|Any CPU
		{746E6A23-5BCC-03B7-78C6-FDB639346645}.Release|Any CPU.Build.0 = Release|Any CPU
		{BE485F14-4535-0081-4A1E-33FD011E7124}.Debug|Any CPU.ActiveCfg = Debug|Any CPU
		{BE485F14-4535-0081-4A1E-33FD011E7124}.Debug|Any CPU.Build.0 = Debug|Any CPU
		{BE485F14-4535-0081-4A1E-33FD011E7124}.Release|Any CPU.ActiveCfg = Release|Any CPU
		{BE485F14-4535-0081-4A1E-33FD011E7124}.Release|Any CPU.Build.0 = Release|Any CPU
		{DF4FE85E-DB3B-1B6C-8D9E-2455596C0BE4}.Debug|Any CPU.ActiveCfg = Debug|Any CPU
		{DF4FE85E-DB3B-1B6C-8D9E-2455596C0BE4}.Debug|Any CPU.Build.0 = Debug|Any CPU
		{DF4FE85E-DB3B-1B6C-8D9E-2455596C0BE4}.Release|Any CPU.ActiveCfg = Release|Any CPU
		{DF4FE85E-DB3B-1B6C-8D9E-2455596C0BE4}.Release|Any CPU.Build.0 = Release|Any CPU
		{93699636-8FC6-FBCE-02EE-2083DA8B13AF}.Debug|Any CPU.ActiveCfg = Debug|Any CPU
		{93699636-8FC6-FBCE-02EE-2083DA8B13AF}.Debug|Any CPU.Build.0 = Debug|Any CPU
		{93699636-8FC6-FBCE-02EE-2083DA8B13AF}.Release|Any CPU.ActiveCfg = Release|Any CPU
		{93699636-8FC6-FBCE-02EE-2083DA8B13AF}.Release|Any CPU.Build.0 = Release|Any CPU
		{BD298844-EA94-31A9-7FCC-D3E6D47F6974}.Debug|Any CPU.ActiveCfg = Debug|Any CPU
		{BD298844-EA94-31A9-7FCC-D3E6D47F6974}.Debug|Any CPU.Build.0 = Debug|Any CPU
		{BD298844-EA94-31A9-7FCC-D3E6D47F6974}.Release|Any CPU.ActiveCfg = Release|Any CPU
		{BD298844-EA94-31A9-7FCC-D3E6D47F6974}.Release|Any CPU.Build.0 = Release|Any CPU
		{AF5DCD14-45FF-8951-1427-134E12122EAF}.Debug|Any CPU.ActiveCfg = Debug|Any CPU
		{AF5DCD14-45FF-8951-1427-134E12122EAF}.Debug|Any CPU.Build.0 = Debug|Any CPU
		{AF5DCD14-45FF-8951-1427-134E12122EAF}.Release|Any CPU.ActiveCfg = Release|Any CPU
		{AF5DCD14-45FF-8951-1427-134E12122EAF}.Release|Any CPU.Build.0 = Release|Any CPU
		{4B87E3E7-18DE-517F-5635-15E0E2858FAB}.Debug|Any CPU.ActiveCfg = Debug|Any CPU
		{4B87E3E7-18DE-517F-5635-15E0E2858FAB}.Debug|Any CPU.Build.0 = Debug|Any CPU
		{4B87E3E7-18DE-517F-5635-15E0E2858FAB}.Release|Any CPU.ActiveCfg = Release|Any CPU
		{4B87E3E7-18DE-517F-5635-15E0E2858FAB}.Release|Any CPU.Build.0 = Release|Any CPU
		{548CCF36-4F06-28A5-3A4A-D9045903D6B4}.Debug|Any CPU.ActiveCfg = Debug|Any CPU
		{548CCF36-4F06-28A5-3A4A-D9045903D6B4}.Debug|Any CPU.Build.0 = Debug|Any CPU
		{548CCF36-4F06-28A5-3A4A-D9045903D6B4}.Release|Any CPU.ActiveCfg = Release|Any CPU
		{548CCF36-4F06-28A5-3A4A-D9045903D6B4}.Release|Any CPU.Build.0 = Release|Any CPU
		{F0103136-2E1D-AAF6-60FC-AC50936D4E66}.Debug|Any CPU.ActiveCfg = Debug|Any CPU
		{F0103136-2E1D-AAF6-60FC-AC50936D4E66}.Debug|Any CPU.Build.0 = Debug|Any CPU
		{F0103136-2E1D-AAF6-60FC-AC50936D4E66}.Release|Any CPU.ActiveCfg = Release|Any CPU
		{F0103136-2E1D-AAF6-60FC-AC50936D4E66}.Release|Any CPU.Build.0 = Release|Any CPU
		{F47B9FA6-3027-950B-176C-A6BBF842EFB5}.Debug|Any CPU.ActiveCfg = Debug|Any CPU
		{F47B9FA6-3027-950B-176C-A6BBF842EFB5}.Debug|Any CPU.Build.0 = Debug|Any CPU
		{F47B9FA6-3027-950B-176C-A6BBF842EFB5}.Release|Any CPU.ActiveCfg = Release|Any CPU
		{F47B9FA6-3027-950B-176C-A6BBF842EFB5}.Release|Any CPU.Build.0 = Release|Any CPU
		{32CF875C-5453-4D79-525B-347B245197AD}.Debug|Any CPU.ActiveCfg = Debug|Any CPU
		{32CF875C-5453-4D79-525B-347B245197AD}.Debug|Any CPU.Build.0 = Debug|Any CPU
		{32CF875C-5453-4D79-525B-347B245197AD}.Release|Any CPU.ActiveCfg = Release|Any CPU
		{32CF875C-5453-4D79-525B-347B245197AD}.Release|Any CPU.Build.0 = Release|Any CPU
		{6BC3E0CD-D12F-BA88-1208-42F51535F27C}.Debug|Any CPU.ActiveCfg = Debug|Any CPU
		{6BC3E0CD-D12F-BA88-1208-42F51535F27C}.Debug|Any CPU.Build.0 = Debug|Any CPU
		{6BC3E0CD-D12F-BA88-1208-42F51535F27C}.Release|Any CPU.ActiveCfg = Release|Any CPU
		{6BC3E0CD-D12F-BA88-1208-42F51535F27C}.Release|Any CPU.Build.0 = Release|Any CPU
		{D67ACB19-D25C-1C71-833B-3F543DD53CFF}.Debug|Any CPU.ActiveCfg = Debug|Any CPU
		{D67ACB19-D25C-1C71-833B-3F543DD53CFF}.Debug|Any CPU.Build.0 = Debug|Any CPU
		{D67ACB19-D25C-1C71-833B-3F543DD53CFF}.Release|Any CPU.ActiveCfg = Release|Any CPU
		{D67ACB19-D25C-1C71-833B-3F543DD53CFF}.Release|Any CPU.Build.0 = Release|Any CPU
		{36DEB49D-B4C9-6573-95D9-B3D715CEFD84}.Debug|Any CPU.ActiveCfg = Debug|Any CPU
		{36DEB49D-B4C9-6573-95D9-B3D715CEFD84}.Debug|Any CPU.Build.0 = Debug|Any CPU
		{36DEB49D-B4C9-6573-95D9-B3D715CEFD84}.Release|Any CPU.ActiveCfg = Release|Any CPU
		{36DEB49D-B4C9-6573-95D9-B3D715CEFD84}.Release|Any CPU.Build.0 = Release|Any CPU
		{5DF23B57-2B72-7927-BE02-B10FED6A19D1}.Debug|Any CPU.ActiveCfg = Debug|Any CPU
		{5DF23B57-2B72-7927-BE02-B10FED6A19D1}.Debug|Any CPU.Build.0 = Debug|Any CPU
		{5DF23B57-2B72-7927-BE02-B10FED6A19D1}.Release|Any CPU.ActiveCfg = Release|Any CPU
		{5DF23B57-2B72-7927-BE02-B10FED6A19D1}.Release|Any CPU.Build.0 = Release|Any CPU
		{3E9A9631-29DE-EE3F-9E58-DD5CF2595B13}.Debug|Any CPU.ActiveCfg = Debug|Any CPU
		{3E9A9631-29DE-EE3F-9E58-DD5CF2595B13}.Debug|Any CPU.Build.0 = Debug|Any CPU
		{3E9A9631-29DE-EE3F-9E58-DD5CF2595B13}.Release|Any CPU.ActiveCfg = Release|Any CPU
		{3E9A9631-29DE-EE3F-9E58-DD5CF2595B13}.Release|Any CPU.Build.0 = Release|Any CPU
		{DB70265D-06BC-1B74-0F36-5D157365B7AD}.Debug|Any CPU.ActiveCfg = Debug|Any CPU
		{DB70265D-06BC-1B74-0F36-5D157365B7AD}.Debug|Any CPU.Build.0 = Debug|Any CPU
		{DB70265D-06BC-1B74-0F36-5D157365B7AD}.Release|Any CPU.ActiveCfg = Release|Any CPU
		{DB70265D-06BC-1B74-0F36-5D157365B7AD}.Release|Any CPU.Build.0 = Release|Any CPU
		{D8BB52B6-F36D-5303-C00D-3239341D0D4E}.Debug|Any CPU.ActiveCfg = Debug|Any CPU
		{D8BB52B6-F36D-5303-C00D-3239341D0D4E}.Debug|Any CPU.Build.0 = Debug|Any CPU
		{D8BB52B6-F36D-5303-C00D-3239341D0D4E}.Release|Any CPU.ActiveCfg = Release|Any CPU
		{D8BB52B6-F36D-5303-C00D-3239341D0D4E}.Release|Any CPU.Build.0 = Release|Any CPU
		{40E52170-B7CF-5E39-3692-5B6A41A314CA}.Debug|Any CPU.ActiveCfg = Debug|Any CPU
		{40E52170-B7CF-5E39-3692-5B6A41A314CA}.Debug|Any CPU.Build.0 = Debug|Any CPU
		{40E52170-B7CF-5E39-3692-5B6A41A314CA}.Release|Any CPU.ActiveCfg = Release|Any CPU
		{40E52170-B7CF-5E39-3692-5B6A41A314CA}.Release|Any CPU.Build.0 = Release|Any CPU
		{87725A6D-7732-858C-449E-185CA5B41866}.Debug|Any CPU.ActiveCfg = Debug|Any CPU
		{87725A6D-7732-858C-449E-185CA5B41866}.Debug|Any CPU.Build.0 = Debug|Any CPU
		{87725A6D-7732-858C-449E-185CA5B41866}.Release|Any CPU.ActiveCfg = Release|Any CPU
		{87725A6D-7732-858C-449E-185CA5B41866}.Release|Any CPU.Build.0 = Release|Any CPU
		{466DA35B-2BE3-83B2-0F60-163EEC86B0EC}.Debug|Any CPU.ActiveCfg = Debug|Any CPU
		{466DA35B-2BE3-83B2-0F60-163EEC86B0EC}.Debug|Any CPU.Build.0 = Debug|Any CPU
		{466DA35B-2BE3-83B2-0F60-163EEC86B0EC}.Release|Any CPU.ActiveCfg = Release|Any CPU
		{466DA35B-2BE3-83B2-0F60-163EEC86B0EC}.Release|Any CPU.Build.0 = Release|Any CPU
		{A400FF0F-6C04-190A-7D2F-DF4E2C1036DB}.Debug|Any CPU.ActiveCfg = Debug|Any CPU
		{A400FF0F-6C04-190A-7D2F-DF4E2C1036DB}.Debug|Any CPU.Build.0 = Debug|Any CPU
		{A400FF0F-6C04-190A-7D2F-DF4E2C1036DB}.Release|Any CPU.ActiveCfg = Release|Any CPU
		{A400FF0F-6C04-190A-7D2F-DF4E2C1036DB}.Release|Any CPU.Build.0 = Release|Any CPU
		{4911632A-FE40-DC2A-2EB5-A068097B4D51}.Debug|Any CPU.ActiveCfg = Debug|Any CPU
		{4911632A-FE40-DC2A-2EB5-A068097B4D51}.Debug|Any CPU.Build.0 = Debug|Any CPU
		{4911632A-FE40-DC2A-2EB5-A068097B4D51}.Release|Any CPU.ActiveCfg = Release|Any CPU
		{4911632A-FE40-DC2A-2EB5-A068097B4D51}.Release|Any CPU.Build.0 = Release|Any CPU
		{4C5954D9-0C26-081A-FE64-14C95908B29B}.Debug|Any CPU.ActiveCfg = Debug|Any CPU
		{4C5954D9-0C26-081A-FE64-14C95908B29B}.Debug|Any CPU.Build.0 = Debug|Any CPU
		{4C5954D9-0C26-081A-FE64-14C95908B29B}.Release|Any CPU.ActiveCfg = Release|Any CPU
		{4C5954D9-0C26-081A-FE64-14C95908B29B}.Release|Any CPU.Build.0 = Release|Any CPU
		{CC4DDCE1-9113-2515-5129-C1E882890F91}.Debug|Any CPU.ActiveCfg = Debug|Any CPU
		{CC4DDCE1-9113-2515-5129-C1E882890F91}.Debug|Any CPU.Build.0 = Debug|Any CPU
		{CC4DDCE1-9113-2515-5129-C1E882890F91}.Release|Any CPU.ActiveCfg = Release|Any CPU
		{CC4DDCE1-9113-2515-5129-C1E882890F91}.Release|Any CPU.Build.0 = Release|Any CPU
		{F40F8969-6764-B2AC-8EDA-D3E70CFC4541}.Debug|Any CPU.ActiveCfg = Debug|Any CPU
		{F40F8969-6764-B2AC-8EDA-D3E70CFC4541}.Debug|Any CPU.Build.0 = Debug|Any CPU
		{F40F8969-6764-B2AC-8EDA-D3E70CFC4541}.Release|Any CPU.ActiveCfg = Release|Any CPU
		{F40F8969-6764-B2AC-8EDA-D3E70CFC4541}.Release|Any CPU.Build.0 = Release|Any CPU
	EndGlobalSection
	GlobalSection(SolutionProperties) = preSolution
		HideSolutionNode = FALSE
	EndGlobalSection
EndGlobal
