
Microsoft Visual Studio Solution File, Format Version 12.00
# Visual Studio 15
Project("{FAE04EC0-301F-11D3-BF4B-00C04F79EFBC}") = "BestHTTP", "BestHTTP.csproj", "{96135125-875B-830B-B816-357A6A7D0BE7}"
EndProject
Project("{FAE04EC0-301F-11D3-BF4B-00C04F79EFBC}") = "VRTeleporter", "VRTeleporter.csproj", "{3175E222-743F-CA95-4FB7-5AEFAFB6C032}"
EndProject
Project("{FAE04EC0-301F-11D3-BF4B-00C04F79EFBC}") = "Pilots", "Pilots.csproj", "{DDB8C66D-8243-4538-E16D-85242594CF0D}"
EndProject
Project("{FAE04EC0-301F-11D3-BF4B-00C04F79EFBC}") = "DevelopmentTests", "DevelopmentTests.csproj", "{F27DE1F2-7230-C094-6886-4DA4A853199C}"
EndProject
Project("{FAE04EC0-301F-11D3-BF4B-00C04F79EFBC}") = "Voice", "Voice.csproj", "{44D18516-0819-109F-AA35-0DC1A3504D20}"
EndProject
Project("{FAE04EC0-301F-11D3-BF4B-00C04F79EFBC}") = "VRTCore", "VRTCore.csproj", "{A87B1823-B26E-3CB1-1B7D-E247CC11CD6A}"
EndProject
Project("{FAE04EC0-301F-11D3-BF4B-00C04F79EFBC}") = "PointClouds", "PointClouds.csproj", "{6171BA0F-F61F-AD6D-B756-9ADBA0DE7DDE}"
EndProject
Project("{FAE04EC0-301F-11D3-BF4B-00C04F79EFBC}") = "Orchestrator", "Orchestrator.csproj", "{6A091A56-3983-B55A-1F41-221C4BED0231}"
EndProject
Project("{FAE04EC0-301F-11D3-BF4B-00C04F79EFBC}") = "BakeryRuntimeAssembly", "BakeryRuntimeAssembly.csproj", "{56772562-9C0B-B951-2793-FCD868B18827}"
EndProject
Project("{FAE04EC0-301F-11D3-BF4B-00C04F79EFBC}") = "Dash", "Dash.csproj", "{53919920-C906-D917-9EAE-42CBA68F98A7}"
EndProject
Project("{FAE04EC0-301F-11D3-BF4B-00C04F79EFBC}") = "Assembly-CSharp", "Assembly-CSharp.csproj", "{4CEDB90B-6A1C-9690-24D6-A0B56EAD290A}"
EndProject
Project("{FAE04EC0-301F-11D3-BF4B-00C04F79EFBC}") = "LoginManager", "LoginManager.csproj", "{290F8055-0DB8-0659-3AA0-587F66923622}"
EndProject
Project("{FAE04EC0-301F-11D3-BF4B-00C04F79EFBC}") = "VRTVideo", "VRTVideo.csproj", "{85CFF0B2-5A75-3095-A38B-1B33850AE12F}"
EndProject
Project("{FAE04EC0-301F-11D3-BF4B-00C04F79EFBC}") = "SocketIO", "SocketIO.csproj", "{5C8B7C11-01B9-B990-BF34-51188C60EC96}"
EndProject
Project("{FAE04EC0-301F-11D3-BF4B-00C04F79EFBC}") = "VRTInitializer", "VRTInitializer.csproj", "{96D1BB67-C1A4-D3AD-44D0-6AC2766B3E1D}"
EndProject
Project("{FAE04EC0-301F-11D3-BF4B-00C04F79EFBC}") = "Pilot0", "Pilot0.csproj", "{CBB8996F-9876-B441-2B14-D9686D74FD78}"
EndProject
Project("{FAE04EC0-301F-11D3-BF4B-00C04F79EFBC}") = "VRTProfiler", "VRTProfiler.csproj", "{C40526A2-B9C2-4EAE-8584-84D74859F7EB}"
EndProject
Project("{FAE04EC0-301F-11D3-BF4B-00C04F79EFBC}") = "WebCam", "WebCam.csproj", "{CC39C9B1-D5C6-EF11-5FA1-E4F4BB3353E9}"
EndProject
Project("{FAE04EC0-301F-11D3-BF4B-00C04F79EFBC}") = "SelfCalibration", "SelfCalibration.csproj", "{891251C6-0286-9DB1-A9E0-AB53FB4B1955}"
EndProject
Project("{FAE04EC0-301F-11D3-BF4B-00C04F79EFBC}") = "TCP", "TCP.csproj", "{D28BF28D-53CA-87DF-3442-AF6D112DA769}"
EndProject
Project("{FAE04EC0-301F-11D3-BF4B-00C04F79EFBC}") = "BakeryEditorAssembly", "BakeryEditorAssembly.csproj", "{BD5AD336-8BD4-1E32-4EAE-F302BB968595}"
EndProject
Project("{FAE04EC0-301F-11D3-BF4B-00C04F79EFBC}") = "VRTTools", "VRTTools.csproj", "{2C6B64FC-CAEF-C5FD-BA40-ACFA6A0E7955}"
EndProject
Project("{FAE04EC0-301F-11D3-BF4B-00C04F79EFBC}") = "Pilots-Editor", "Pilots-Editor.csproj", "{7F2AAC6C-80CD-9D6F-5B18-BB96A7572F28}"
EndProject
Global
	GlobalSection(SolutionConfigurationPlatforms) = preSolution
		Debug|Any CPU = Debug|Any CPU
		Release|Any CPU = Release|Any CPU
	EndGlobalSection
	GlobalSection(ProjectConfigurationPlatforms) = postSolution
		{96135125-875B-830B-B816-357A6A7D0BE7}.Debug|Any CPU.ActiveCfg = Debug|Any CPU
		{96135125-875B-830B-B816-357A6A7D0BE7}.Debug|Any CPU.Build.0 = Debug|Any CPU
		{96135125-875B-830B-B816-357A6A7D0BE7}.Release|Any CPU.ActiveCfg = Release|Any CPU
		{96135125-875B-830B-B816-357A6A7D0BE7}.Release|Any CPU.Build.0 = Release|Any CPU
		{3175E222-743F-CA95-4FB7-5AEFAFB6C032}.Debug|Any CPU.ActiveCfg = Debug|Any CPU
		{3175E222-743F-CA95-4FB7-5AEFAFB6C032}.Debug|Any CPU.Build.0 = Debug|Any CPU
		{3175E222-743F-CA95-4FB7-5AEFAFB6C032}.Release|Any CPU.ActiveCfg = Release|Any CPU
		{3175E222-743F-CA95-4FB7-5AEFAFB6C032}.Release|Any CPU.Build.0 = Release|Any CPU
		{DDB8C66D-8243-4538-E16D-85242594CF0D}.Debug|Any CPU.ActiveCfg = Debug|Any CPU
		{DDB8C66D-8243-4538-E16D-85242594CF0D}.Debug|Any CPU.Build.0 = Debug|Any CPU
		{DDB8C66D-8243-4538-E16D-85242594CF0D}.Release|Any CPU.ActiveCfg = Release|Any CPU
		{DDB8C66D-8243-4538-E16D-85242594CF0D}.Release|Any CPU.Build.0 = Release|Any CPU
		{F27DE1F2-7230-C094-6886-4DA4A853199C}.Debug|Any CPU.ActiveCfg = Debug|Any CPU
		{F27DE1F2-7230-C094-6886-4DA4A853199C}.Debug|Any CPU.Build.0 = Debug|Any CPU
		{F27DE1F2-7230-C094-6886-4DA4A853199C}.Release|Any CPU.ActiveCfg = Release|Any CPU
		{F27DE1F2-7230-C094-6886-4DA4A853199C}.Release|Any CPU.Build.0 = Release|Any CPU
		{44D18516-0819-109F-AA35-0DC1A3504D20}.Debug|Any CPU.ActiveCfg = Debug|Any CPU
		{44D18516-0819-109F-AA35-0DC1A3504D20}.Debug|Any CPU.Build.0 = Debug|Any CPU
		{44D18516-0819-109F-AA35-0DC1A3504D20}.Release|Any CPU.ActiveCfg = Release|Any CPU
		{44D18516-0819-109F-AA35-0DC1A3504D20}.Release|Any CPU.Build.0 = Release|Any CPU
		{A87B1823-B26E-3CB1-1B7D-E247CC11CD6A}.Debug|Any CPU.ActiveCfg = Debug|Any CPU
		{A87B1823-B26E-3CB1-1B7D-E247CC11CD6A}.Debug|Any CPU.Build.0 = Debug|Any CPU
		{A87B1823-B26E-3CB1-1B7D-E247CC11CD6A}.Release|Any CPU.ActiveCfg = Release|Any CPU
		{A87B1823-B26E-3CB1-1B7D-E247CC11CD6A}.Release|Any CPU.Build.0 = Release|Any CPU
		{6171BA0F-F61F-AD6D-B756-9ADBA0DE7DDE}.Debug|Any CPU.ActiveCfg = Debug|Any CPU
		{6171BA0F-F61F-AD6D-B756-9ADBA0DE7DDE}.Debug|Any CPU.Build.0 = Debug|Any CPU
		{6171BA0F-F61F-AD6D-B756-9ADBA0DE7DDE}.Release|Any CPU.ActiveCfg = Release|Any CPU
		{6171BA0F-F61F-AD6D-B756-9ADBA0DE7DDE}.Release|Any CPU.Build.0 = Release|Any CPU
		{6A091A56-3983-B55A-1F41-221C4BED0231}.Debug|Any CPU.ActiveCfg = Debug|Any CPU
		{6A091A56-3983-B55A-1F41-221C4BED0231}.Debug|Any CPU.Build.0 = Debug|Any CPU
		{6A091A56-3983-B55A-1F41-221C4BED0231}.Release|Any CPU.ActiveCfg = Release|Any CPU
		{6A091A56-3983-B55A-1F41-221C4BED0231}.Release|Any CPU.Build.0 = Release|Any CPU
		{56772562-9C0B-B951-2793-FCD868B18827}.Debug|Any CPU.ActiveCfg = Debug|Any CPU
		{56772562-9C0B-B951-2793-FCD868B18827}.Debug|Any CPU.Build.0 = Debug|Any CPU
		{56772562-9C0B-B951-2793-FCD868B18827}.Release|Any CPU.ActiveCfg = Release|Any CPU
		{56772562-9C0B-B951-2793-FCD868B18827}.Release|Any CPU.Build.0 = Release|Any CPU
		{53919920-C906-D917-9EAE-42CBA68F98A7}.Debug|Any CPU.ActiveCfg = Debug|Any CPU
		{53919920-C906-D917-9EAE-42CBA68F98A7}.Debug|Any CPU.Build.0 = Debug|Any CPU
		{53919920-C906-D917-9EAE-42CBA68F98A7}.Release|Any CPU.ActiveCfg = Release|Any CPU
		{53919920-C906-D917-9EAE-42CBA68F98A7}.Release|Any CPU.Build.0 = Release|Any CPU
		{4CEDB90B-6A1C-9690-24D6-A0B56EAD290A}.Debug|Any CPU.ActiveCfg = Debug|Any CPU
		{4CEDB90B-6A1C-9690-24D6-A0B56EAD290A}.Debug|Any CPU.Build.0 = Debug|Any CPU
		{4CEDB90B-6A1C-9690-24D6-A0B56EAD290A}.Release|Any CPU.ActiveCfg = Release|Any CPU
		{4CEDB90B-6A1C-9690-24D6-A0B56EAD290A}.Release|Any CPU.Build.0 = Release|Any CPU
		{290F8055-0DB8-0659-3AA0-587F66923622}.Debug|Any CPU.ActiveCfg = Debug|Any CPU
		{290F8055-0DB8-0659-3AA0-587F66923622}.Debug|Any CPU.Build.0 = Debug|Any CPU
		{290F8055-0DB8-0659-3AA0-587F66923622}.Release|Any CPU.ActiveCfg = Release|Any CPU
		{290F8055-0DB8-0659-3AA0-587F66923622}.Release|Any CPU.Build.0 = Release|Any CPU
		{85CFF0B2-5A75-3095-A38B-1B33850AE12F}.Debug|Any CPU.ActiveCfg = Debug|Any CPU
		{85CFF0B2-5A75-3095-A38B-1B33850AE12F}.Debug|Any CPU.Build.0 = Debug|Any CPU
		{85CFF0B2-5A75-3095-A38B-1B33850AE12F}.Release|Any CPU.ActiveCfg = Release|Any CPU
		{85CFF0B2-5A75-3095-A38B-1B33850AE12F}.Release|Any CPU.Build.0 = Release|Any CPU
		{5C8B7C11-01B9-B990-BF34-51188C60EC96}.Debug|Any CPU.ActiveCfg = Debug|Any CPU
		{5C8B7C11-01B9-B990-BF34-51188C60EC96}.Debug|Any CPU.Build.0 = Debug|Any CPU
		{5C8B7C11-01B9-B990-BF34-51188C60EC96}.Release|Any CPU.ActiveCfg = Release|Any CPU
		{5C8B7C11-01B9-B990-BF34-51188C60EC96}.Release|Any CPU.Build.0 = Release|Any CPU
		{96D1BB67-C1A4-D3AD-44D0-6AC2766B3E1D}.Debug|Any CPU.ActiveCfg = Debug|Any CPU
		{96D1BB67-C1A4-D3AD-44D0-6AC2766B3E1D}.Debug|Any CPU.Build.0 = Debug|Any CPU
		{96D1BB67-C1A4-D3AD-44D0-6AC2766B3E1D}.Release|Any CPU.ActiveCfg = Release|Any CPU
		{96D1BB67-C1A4-D3AD-44D0-6AC2766B3E1D}.Release|Any CPU.Build.0 = Release|Any CPU
		{CBB8996F-9876-B441-2B14-D9686D74FD78}.Debug|Any CPU.ActiveCfg = Debug|Any CPU
		{CBB8996F-9876-B441-2B14-D9686D74FD78}.Debug|Any CPU.Build.0 = Debug|Any CPU
		{CBB8996F-9876-B441-2B14-D9686D74FD78}.Release|Any CPU.ActiveCfg = Release|Any CPU
		{CBB8996F-9876-B441-2B14-D9686D74FD78}.Release|Any CPU.Build.0 = Release|Any CPU
		{C40526A2-B9C2-4EAE-8584-84D74859F7EB}.Debug|Any CPU.ActiveCfg = Debug|Any CPU
		{C40526A2-B9C2-4EAE-8584-84D74859F7EB}.Debug|Any CPU.Build.0 = Debug|Any CPU
		{C40526A2-B9C2-4EAE-8584-84D74859F7EB}.Release|Any CPU.ActiveCfg = Release|Any CPU
		{C40526A2-B9C2-4EAE-8584-84D74859F7EB}.Release|Any CPU.Build.0 = Release|Any CPU
		{CC39C9B1-D5C6-EF11-5FA1-E4F4BB3353E9}.Debug|Any CPU.ActiveCfg = Debug|Any CPU
		{CC39C9B1-D5C6-EF11-5FA1-E4F4BB3353E9}.Debug|Any CPU.Build.0 = Debug|Any CPU
		{CC39C9B1-D5C6-EF11-5FA1-E4F4BB3353E9}.Release|Any CPU.ActiveCfg = Release|Any CPU
		{CC39C9B1-D5C6-EF11-5FA1-E4F4BB3353E9}.Release|Any CPU.Build.0 = Release|Any CPU
		{891251C6-0286-9DB1-A9E0-AB53FB4B1955}.Debug|Any CPU.ActiveCfg = Debug|Any CPU
		{891251C6-0286-9DB1-A9E0-AB53FB4B1955}.Debug|Any CPU.Build.0 = Debug|Any CPU
		{891251C6-0286-9DB1-A9E0-AB53FB4B1955}.Release|Any CPU.ActiveCfg = Release|Any CPU
		{891251C6-0286-9DB1-A9E0-AB53FB4B1955}.Release|Any CPU.Build.0 = Release|Any CPU
		{D28BF28D-53CA-87DF-3442-AF6D112DA769}.Debug|Any CPU.ActiveCfg = Debug|Any CPU
		{D28BF28D-53CA-87DF-3442-AF6D112DA769}.Debug|Any CPU.Build.0 = Debug|Any CPU
		{D28BF28D-53CA-87DF-3442-AF6D112DA769}.Release|Any CPU.ActiveCfg = Release|Any CPU
		{D28BF28D-53CA-87DF-3442-AF6D112DA769}.Release|Any CPU.Build.0 = Release|Any CPU
		{BD5AD336-8BD4-1E32-4EAE-F302BB968595}.Debug|Any CPU.ActiveCfg = Debug|Any CPU
		{BD5AD336-8BD4-1E32-4EAE-F302BB968595}.Debug|Any CPU.Build.0 = Debug|Any CPU
		{BD5AD336-8BD4-1E32-4EAE-F302BB968595}.Release|Any CPU.ActiveCfg = Release|Any CPU
		{BD5AD336-8BD4-1E32-4EAE-F302BB968595}.Release|Any CPU.Build.0 = Release|Any CPU
		{2C6B64FC-CAEF-C5FD-BA40-ACFA6A0E7955}.Debug|Any CPU.ActiveCfg = Debug|Any CPU
		{2C6B64FC-CAEF-C5FD-BA40-ACFA6A0E7955}.Debug|Any CPU.Build.0 = Debug|Any CPU
		{2C6B64FC-CAEF-C5FD-BA40-ACFA6A0E7955}.Release|Any CPU.ActiveCfg = Release|Any CPU
		{2C6B64FC-CAEF-C5FD-BA40-ACFA6A0E7955}.Release|Any CPU.Build.0 = Release|Any CPU
		{7F2AAC6C-80CD-9D6F-5B18-BB96A7572F28}.Debug|Any CPU.ActiveCfg = Debug|Any CPU
		{7F2AAC6C-80CD-9D6F-5B18-BB96A7572F28}.Debug|Any CPU.Build.0 = Debug|Any CPU
		{7F2AAC6C-80CD-9D6F-5B18-BB96A7572F28}.Release|Any CPU.ActiveCfg = Release|Any CPU
		{7F2AAC6C-80CD-9D6F-5B18-BB96A7572F28}.Release|Any CPU.Build.0 = Release|Any CPU
	EndGlobalSection
	GlobalSection(SolutionProperties) = preSolution
		HideSolutionNode = FALSE
	EndGlobalSection
EndGlobal
