
Microsoft Visual Studio Solution File, Format Version 12.00
# Visual Studio 15
Project("{FAE04EC0-301F-11D3-BF4B-00C04F79EFBC}") = "BestHTTP", "BestHTTP.csproj", "{2DC53A46-29BF-AB6A-3CC7-D12A7B56848E}"
EndProject
Project("{FAE04EC0-301F-11D3-BF4B-00C04F79EFBC}") = "VRTeleporter", "VRTeleporter.csproj", "{EE98B7CB-E0CA-FB34-95CB-975ADDFC8AB6}"
EndProject
Project("{FAE04EC0-301F-11D3-BF4B-00C04F79EFBC}") = "Pilots", "Pilots.csproj", "{846CEF68-9571-CB95-E809-4BB5F7273176}"
EndProject
Project("{FAE04EC0-301F-11D3-BF4B-00C04F79EFBC}") = "DevelopmentTests", "DevelopmentTests.csproj", "{9F550B55-F278-563C-E039-650F29B4772A}"
EndProject
Project("{FAE04EC0-301F-11D3-BF4B-00C04F79EFBC}") = "Voice", "Voice.csproj", "{70E6326F-A318-2A7F-F6CE-56A7B932BBD1}"
EndProject
Project("{FAE04EC0-301F-11D3-BF4B-00C04F79EFBC}") = "VRTCore", "VRTCore.csproj", "{F6D1A24A-372B-ABFF-FB4D-06C7F37CBA9F}"
EndProject
Project("{FAE04EC0-301F-11D3-BF4B-00C04F79EFBC}") = "LivePresenter", "LivePresenter.csproj", "{FEB69160-1AAA-BE7A-DD7D-899DA6B2E12E}"
EndProject
Project("{FAE04EC0-301F-11D3-BF4B-00C04F79EFBC}") = "GUB", "GUB.csproj", "{96C11238-7A38-59DD-9AC1-5F81B72E5923}"
EndProject
Project("{FAE04EC0-301F-11D3-BF4B-00C04F79EFBC}") = "Assembly-CSharp", "Assembly-CSharp.csproj", "{BE78C6D0-A844-979E-CD91-CDBE5B3E2CF8}"
EndProject
Project("{FAE04EC0-301F-11D3-BF4B-00C04F79EFBC}") = "PointClouds", "PointClouds.csproj", "{01F5800C-7E2D-2E5A-4E8C-B100801F1193}"
EndProject
Project("{FAE04EC0-301F-11D3-BF4B-00C04F79EFBC}") = "Orchestrator", "Orchestrator.csproj", "{59DCABB5-D283-F3FB-6E73-1922F2056F22}"
EndProject
Project("{FAE04EC0-301F-11D3-BF4B-00C04F79EFBC}") = "BakeryRuntimeAssembly", "BakeryRuntimeAssembly.csproj", "{2569ACB7-BFF1-A182-DDE9-F657A651BD9F}"
EndProject
Project("{FAE04EC0-301F-11D3-BF4B-00C04F79EFBC}") = "MediaScape", "MediaScape.csproj", "{0E059825-0F58-8DC6-078D-333A1AFEF78E}"
EndProject
Project("{FAE04EC0-301F-11D3-BF4B-00C04F79EFBC}") = "TVM", "TVM.csproj", "{1F87C6BC-DB93-5FF3-11F9-55308F2EF988}"
EndProject
Project("{FAE04EC0-301F-11D3-BF4B-00C04F79EFBC}") = "Dash", "Dash.csproj", "{87E9434E-BE38-9C7F-B8BC-E4C5F1D75931}"
EndProject
Project("{FAE04EC0-301F-11D3-BF4B-00C04F79EFBC}") = "LoginManager", "LoginManager.csproj", "{9784A111-8E1E-8112-FC92-6DE13619C9AA}"
EndProject
Project("{FAE04EC0-301F-11D3-BF4B-00C04F79EFBC}") = "VRTVideo", "VRTVideo.csproj", "{63778418-5BE4-A576-6CCC-2A20B74C4FEB}"
EndProject
Project("{FAE04EC0-301F-11D3-BF4B-00C04F79EFBC}") = "SocketIO", "SocketIO.csproj", "{6C59EEDD-2C03-17A9-DA3E-DB7FB77C13C7}"
EndProject
Project("{FAE04EC0-301F-11D3-BF4B-00C04F79EFBC}") = "VRTInitializer", "VRTInitializer.csproj", "{65B7B677-16AC-ACD1-9136-FEE690AF315D}"
EndProject
Project("{FAE04EC0-301F-11D3-BF4B-00C04F79EFBC}") = "Pilot0", "Pilot0.csproj", "{F396CBFB-5A53-7FCD-FBBD-44E53A7CD202}"
EndProject
Project("{FAE04EC0-301F-11D3-BF4B-00C04F79EFBC}") = "VRTProfiler", "VRTProfiler.csproj", "{5E5B9AFD-2508-8E3A-6EB6-2B1D0EED6C01}"
EndProject
Project("{FAE04EC0-301F-11D3-BF4B-00C04F79EFBC}") = "WebCam", "WebCam.csproj", "{A68EBF49-233F-04F1-678E-9E1AB8499F59}"
EndProject
Project("{FAE04EC0-301F-11D3-BF4B-00C04F79EFBC}") = "VRTMCU", "VRTMCU.csproj", "{C9A3927C-B8A6-0CDA-FE34-0B09A96BA1C3}"
EndProject
Project("{FAE04EC0-301F-11D3-BF4B-00C04F79EFBC}") = "SelfCalibration", "SelfCalibration.csproj", "{D0CEED38-62AF-EAEE-944F-923395F653BD}"
EndProject
Project("{FAE04EC0-301F-11D3-BF4B-00C04F79EFBC}") = "TCP", "TCP.csproj", "{222ED9D7-F544-F6D7-9B72-B88A512EB1EB}"
EndProject
Project("{FAE04EC0-301F-11D3-BF4B-00C04F79EFBC}") = "RabbitMQ", "RabbitMQ.csproj", "{4182EB0F-C4F1-C66E-CD94-C4066F430F2C}"
EndProject
Project("{FAE04EC0-301F-11D3-BF4B-00C04F79EFBC}") = "BakeryEditorAssembly", "BakeryEditorAssembly.csproj", "{6ED1626D-975E-F5FC-155D-683D70A790FA}"
EndProject
Project("{FAE04EC0-301F-11D3-BF4B-00C04F79EFBC}") = "Assembly-CSharp-Editor", "Assembly-CSharp-Editor.csproj", "{A8A03FB2-3EAB-0BD6-5C2E-41E42FB3C8BB}"
EndProject
Project("{FAE04EC0-301F-11D3-BF4B-00C04F79EFBC}") = "VRTTools", "VRTTools.csproj", "{572992F7-C782-D0D4-533D-B0017B3503A7}"
EndProject
Project("{FAE04EC0-301F-11D3-BF4B-00C04F79EFBC}") = "Pilots-Editor", "Pilots-Editor.csproj", "{276F8DE8-427B-1248-75EC-A45735086000}"
EndProject
Global
	GlobalSection(SolutionConfigurationPlatforms) = preSolution
		Debug|Any CPU = Debug|Any CPU
		Release|Any CPU = Release|Any CPU
	EndGlobalSection
	GlobalSection(ProjectConfigurationPlatforms) = postSolution
		{2DC53A46-29BF-AB6A-3CC7-D12A7B56848E}.Debug|Any CPU.ActiveCfg = Debug|Any CPU
		{2DC53A46-29BF-AB6A-3CC7-D12A7B56848E}.Debug|Any CPU.Build.0 = Debug|Any CPU
		{2DC53A46-29BF-AB6A-3CC7-D12A7B56848E}.Release|Any CPU.ActiveCfg = Release|Any CPU
		{2DC53A46-29BF-AB6A-3CC7-D12A7B56848E}.Release|Any CPU.Build.0 = Release|Any CPU
		{EE98B7CB-E0CA-FB34-95CB-975ADDFC8AB6}.Debug|Any CPU.ActiveCfg = Debug|Any CPU
		{EE98B7CB-E0CA-FB34-95CB-975ADDFC8AB6}.Debug|Any CPU.Build.0 = Debug|Any CPU
		{EE98B7CB-E0CA-FB34-95CB-975ADDFC8AB6}.Release|Any CPU.ActiveCfg = Release|Any CPU
		{EE98B7CB-E0CA-FB34-95CB-975ADDFC8AB6}.Release|Any CPU.Build.0 = Release|Any CPU
		{846CEF68-9571-CB95-E809-4BB5F7273176}.Debug|Any CPU.ActiveCfg = Debug|Any CPU
		{846CEF68-9571-CB95-E809-4BB5F7273176}.Debug|Any CPU.Build.0 = Debug|Any CPU
		{846CEF68-9571-CB95-E809-4BB5F7273176}.Release|Any CPU.ActiveCfg = Release|Any CPU
		{846CEF68-9571-CB95-E809-4BB5F7273176}.Release|Any CPU.Build.0 = Release|Any CPU
		{9F550B55-F278-563C-E039-650F29B4772A}.Debug|Any CPU.ActiveCfg = Debug|Any CPU
		{9F550B55-F278-563C-E039-650F29B4772A}.Debug|Any CPU.Build.0 = Debug|Any CPU
		{9F550B55-F278-563C-E039-650F29B4772A}.Release|Any CPU.ActiveCfg = Release|Any CPU
		{9F550B55-F278-563C-E039-650F29B4772A}.Release|Any CPU.Build.0 = Release|Any CPU
		{70E6326F-A318-2A7F-F6CE-56A7B932BBD1}.Debug|Any CPU.ActiveCfg = Debug|Any CPU
		{70E6326F-A318-2A7F-F6CE-56A7B932BBD1}.Debug|Any CPU.Build.0 = Debug|Any CPU
		{70E6326F-A318-2A7F-F6CE-56A7B932BBD1}.Release|Any CPU.ActiveCfg = Release|Any CPU
		{70E6326F-A318-2A7F-F6CE-56A7B932BBD1}.Release|Any CPU.Build.0 = Release|Any CPU
		{F6D1A24A-372B-ABFF-FB4D-06C7F37CBA9F}.Debug|Any CPU.ActiveCfg = Debug|Any CPU
		{F6D1A24A-372B-ABFF-FB4D-06C7F37CBA9F}.Debug|Any CPU.Build.0 = Debug|Any CPU
		{F6D1A24A-372B-ABFF-FB4D-06C7F37CBA9F}.Release|Any CPU.ActiveCfg = Release|Any CPU
		{F6D1A24A-372B-ABFF-FB4D-06C7F37CBA9F}.Release|Any CPU.Build.0 = Release|Any CPU
		{FEB69160-1AAA-BE7A-DD7D-899DA6B2E12E}.Debug|Any CPU.ActiveCfg = Debug|Any CPU
		{FEB69160-1AAA-BE7A-DD7D-899DA6B2E12E}.Debug|Any CPU.Build.0 = Debug|Any CPU
		{FEB69160-1AAA-BE7A-DD7D-899DA6B2E12E}.Release|Any CPU.ActiveCfg = Release|Any CPU
		{FEB69160-1AAA-BE7A-DD7D-899DA6B2E12E}.Release|Any CPU.Build.0 = Release|Any CPU
		{96C11238-7A38-59DD-9AC1-5F81B72E5923}.Debug|Any CPU.ActiveCfg = Debug|Any CPU
		{96C11238-7A38-59DD-9AC1-5F81B72E5923}.Debug|Any CPU.Build.0 = Debug|Any CPU
		{96C11238-7A38-59DD-9AC1-5F81B72E5923}.Release|Any CPU.ActiveCfg = Release|Any CPU
		{96C11238-7A38-59DD-9AC1-5F81B72E5923}.Release|Any CPU.Build.0 = Release|Any CPU
		{BE78C6D0-A844-979E-CD91-CDBE5B3E2CF8}.Debug|Any CPU.ActiveCfg = Debug|Any CPU
		{BE78C6D0-A844-979E-CD91-CDBE5B3E2CF8}.Debug|Any CPU.Build.0 = Debug|Any CPU
		{BE78C6D0-A844-979E-CD91-CDBE5B3E2CF8}.Release|Any CPU.ActiveCfg = Release|Any CPU
		{BE78C6D0-A844-979E-CD91-CDBE5B3E2CF8}.Release|Any CPU.Build.0 = Release|Any CPU
		{01F5800C-7E2D-2E5A-4E8C-B100801F1193}.Debug|Any CPU.ActiveCfg = Debug|Any CPU
		{01F5800C-7E2D-2E5A-4E8C-B100801F1193}.Debug|Any CPU.Build.0 = Debug|Any CPU
		{01F5800C-7E2D-2E5A-4E8C-B100801F1193}.Release|Any CPU.ActiveCfg = Release|Any CPU
		{01F5800C-7E2D-2E5A-4E8C-B100801F1193}.Release|Any CPU.Build.0 = Release|Any CPU
		{59DCABB5-D283-F3FB-6E73-1922F2056F22}.Debug|Any CPU.ActiveCfg = Debug|Any CPU
		{59DCABB5-D283-F3FB-6E73-1922F2056F22}.Debug|Any CPU.Build.0 = Debug|Any CPU
		{59DCABB5-D283-F3FB-6E73-1922F2056F22}.Release|Any CPU.ActiveCfg = Release|Any CPU
		{59DCABB5-D283-F3FB-6E73-1922F2056F22}.Release|Any CPU.Build.0 = Release|Any CPU
		{2569ACB7-BFF1-A182-DDE9-F657A651BD9F}.Debug|Any CPU.ActiveCfg = Debug|Any CPU
		{2569ACB7-BFF1-A182-DDE9-F657A651BD9F}.Debug|Any CPU.Build.0 = Debug|Any CPU
		{2569ACB7-BFF1-A182-DDE9-F657A651BD9F}.Release|Any CPU.ActiveCfg = Release|Any CPU
		{2569ACB7-BFF1-A182-DDE9-F657A651BD9F}.Release|Any CPU.Build.0 = Release|Any CPU
		{0E059825-0F58-8DC6-078D-333A1AFEF78E}.Debug|Any CPU.ActiveCfg = Debug|Any CPU
		{0E059825-0F58-8DC6-078D-333A1AFEF78E}.Debug|Any CPU.Build.0 = Debug|Any CPU
		{0E059825-0F58-8DC6-078D-333A1AFEF78E}.Release|Any CPU.ActiveCfg = Release|Any CPU
		{0E059825-0F58-8DC6-078D-333A1AFEF78E}.Release|Any CPU.Build.0 = Release|Any CPU
		{1F87C6BC-DB93-5FF3-11F9-55308F2EF988}.Debug|Any CPU.ActiveCfg = Debug|Any CPU
		{1F87C6BC-DB93-5FF3-11F9-55308F2EF988}.Debug|Any CPU.Build.0 = Debug|Any CPU
		{1F87C6BC-DB93-5FF3-11F9-55308F2EF988}.Release|Any CPU.ActiveCfg = Release|Any CPU
		{1F87C6BC-DB93-5FF3-11F9-55308F2EF988}.Release|Any CPU.Build.0 = Release|Any CPU
		{87E9434E-BE38-9C7F-B8BC-E4C5F1D75931}.Debug|Any CPU.ActiveCfg = Debug|Any CPU
		{87E9434E-BE38-9C7F-B8BC-E4C5F1D75931}.Debug|Any CPU.Build.0 = Debug|Any CPU
		{87E9434E-BE38-9C7F-B8BC-E4C5F1D75931}.Release|Any CPU.ActiveCfg = Release|Any CPU
		{87E9434E-BE38-9C7F-B8BC-E4C5F1D75931}.Release|Any CPU.Build.0 = Release|Any CPU
		{9784A111-8E1E-8112-FC92-6DE13619C9AA}.Debug|Any CPU.ActiveCfg = Debug|Any CPU
		{9784A111-8E1E-8112-FC92-6DE13619C9AA}.Debug|Any CPU.Build.0 = Debug|Any CPU
		{9784A111-8E1E-8112-FC92-6DE13619C9AA}.Release|Any CPU.ActiveCfg = Release|Any CPU
		{9784A111-8E1E-8112-FC92-6DE13619C9AA}.Release|Any CPU.Build.0 = Release|Any CPU
		{63778418-5BE4-A576-6CCC-2A20B74C4FEB}.Debug|Any CPU.ActiveCfg = Debug|Any CPU
		{63778418-5BE4-A576-6CCC-2A20B74C4FEB}.Debug|Any CPU.Build.0 = Debug|Any CPU
		{63778418-5BE4-A576-6CCC-2A20B74C4FEB}.Release|Any CPU.ActiveCfg = Release|Any CPU
		{63778418-5BE4-A576-6CCC-2A20B74C4FEB}.Release|Any CPU.Build.0 = Release|Any CPU
		{6C59EEDD-2C03-17A9-DA3E-DB7FB77C13C7}.Debug|Any CPU.ActiveCfg = Debug|Any CPU
		{6C59EEDD-2C03-17A9-DA3E-DB7FB77C13C7}.Debug|Any CPU.Build.0 = Debug|Any CPU
		{6C59EEDD-2C03-17A9-DA3E-DB7FB77C13C7}.Release|Any CPU.ActiveCfg = Release|Any CPU
		{6C59EEDD-2C03-17A9-DA3E-DB7FB77C13C7}.Release|Any CPU.Build.0 = Release|Any CPU
		{65B7B677-16AC-ACD1-9136-FEE690AF315D}.Debug|Any CPU.ActiveCfg = Debug|Any CPU
		{65B7B677-16AC-ACD1-9136-FEE690AF315D}.Debug|Any CPU.Build.0 = Debug|Any CPU
		{65B7B677-16AC-ACD1-9136-FEE690AF315D}.Release|Any CPU.ActiveCfg = Release|Any CPU
		{65B7B677-16AC-ACD1-9136-FEE690AF315D}.Release|Any CPU.Build.0 = Release|Any CPU
		{F396CBFB-5A53-7FCD-FBBD-44E53A7CD202}.Debug|Any CPU.ActiveCfg = Debug|Any CPU
		{F396CBFB-5A53-7FCD-FBBD-44E53A7CD202}.Debug|Any CPU.Build.0 = Debug|Any CPU
		{F396CBFB-5A53-7FCD-FBBD-44E53A7CD202}.Release|Any CPU.ActiveCfg = Release|Any CPU
		{F396CBFB-5A53-7FCD-FBBD-44E53A7CD202}.Release|Any CPU.Build.0 = Release|Any CPU
		{5E5B9AFD-2508-8E3A-6EB6-2B1D0EED6C01}.Debug|Any CPU.ActiveCfg = Debug|Any CPU
		{5E5B9AFD-2508-8E3A-6EB6-2B1D0EED6C01}.Debug|Any CPU.Build.0 = Debug|Any CPU
		{5E5B9AFD-2508-8E3A-6EB6-2B1D0EED6C01}.Release|Any CPU.ActiveCfg = Release|Any CPU
		{5E5B9AFD-2508-8E3A-6EB6-2B1D0EED6C01}.Release|Any CPU.Build.0 = Release|Any CPU
		{A68EBF49-233F-04F1-678E-9E1AB8499F59}.Debug|Any CPU.ActiveCfg = Debug|Any CPU
		{A68EBF49-233F-04F1-678E-9E1AB8499F59}.Debug|Any CPU.Build.0 = Debug|Any CPU
		{A68EBF49-233F-04F1-678E-9E1AB8499F59}.Release|Any CPU.ActiveCfg = Release|Any CPU
		{A68EBF49-233F-04F1-678E-9E1AB8499F59}.Release|Any CPU.Build.0 = Release|Any CPU
		{C9A3927C-B8A6-0CDA-FE34-0B09A96BA1C3}.Debug|Any CPU.ActiveCfg = Debug|Any CPU
		{C9A3927C-B8A6-0CDA-FE34-0B09A96BA1C3}.Debug|Any CPU.Build.0 = Debug|Any CPU
		{C9A3927C-B8A6-0CDA-FE34-0B09A96BA1C3}.Release|Any CPU.ActiveCfg = Release|Any CPU
		{C9A3927C-B8A6-0CDA-FE34-0B09A96BA1C3}.Release|Any CPU.Build.0 = Release|Any CPU
		{D0CEED38-62AF-EAEE-944F-923395F653BD}.Debug|Any CPU.ActiveCfg = Debug|Any CPU
		{D0CEED38-62AF-EAEE-944F-923395F653BD}.Debug|Any CPU.Build.0 = Debug|Any CPU
		{D0CEED38-62AF-EAEE-944F-923395F653BD}.Release|Any CPU.ActiveCfg = Release|Any CPU
		{D0CEED38-62AF-EAEE-944F-923395F653BD}.Release|Any CPU.Build.0 = Release|Any CPU
		{222ED9D7-F544-F6D7-9B72-B88A512EB1EB}.Debug|Any CPU.ActiveCfg = Debug|Any CPU
		{222ED9D7-F544-F6D7-9B72-B88A512EB1EB}.Debug|Any CPU.Build.0 = Debug|Any CPU
		{222ED9D7-F544-F6D7-9B72-B88A512EB1EB}.Release|Any CPU.ActiveCfg = Release|Any CPU
		{222ED9D7-F544-F6D7-9B72-B88A512EB1EB}.Release|Any CPU.Build.0 = Release|Any CPU
		{4182EB0F-C4F1-C66E-CD94-C4066F430F2C}.Debug|Any CPU.ActiveCfg = Debug|Any CPU
		{4182EB0F-C4F1-C66E-CD94-C4066F430F2C}.Debug|Any CPU.Build.0 = Debug|Any CPU
		{4182EB0F-C4F1-C66E-CD94-C4066F430F2C}.Release|Any CPU.ActiveCfg = Release|Any CPU
		{4182EB0F-C4F1-C66E-CD94-C4066F430F2C}.Release|Any CPU.Build.0 = Release|Any CPU
		{6ED1626D-975E-F5FC-155D-683D70A790FA}.Debug|Any CPU.ActiveCfg = Debug|Any CPU
		{6ED1626D-975E-F5FC-155D-683D70A790FA}.Debug|Any CPU.Build.0 = Debug|Any CPU
		{6ED1626D-975E-F5FC-155D-683D70A790FA}.Release|Any CPU.ActiveCfg = Release|Any CPU
		{6ED1626D-975E-F5FC-155D-683D70A790FA}.Release|Any CPU.Build.0 = Release|Any CPU
		{A8A03FB2-3EAB-0BD6-5C2E-41E42FB3C8BB}.Debug|Any CPU.ActiveCfg = Debug|Any CPU
		{A8A03FB2-3EAB-0BD6-5C2E-41E42FB3C8BB}.Debug|Any CPU.Build.0 = Debug|Any CPU
		{A8A03FB2-3EAB-0BD6-5C2E-41E42FB3C8BB}.Release|Any CPU.ActiveCfg = Release|Any CPU
		{A8A03FB2-3EAB-0BD6-5C2E-41E42FB3C8BB}.Release|Any CPU.Build.0 = Release|Any CPU
		{572992F7-C782-D0D4-533D-B0017B3503A7}.Debug|Any CPU.ActiveCfg = Debug|Any CPU
		{572992F7-C782-D0D4-533D-B0017B3503A7}.Debug|Any CPU.Build.0 = Debug|Any CPU
		{572992F7-C782-D0D4-533D-B0017B3503A7}.Release|Any CPU.ActiveCfg = Release|Any CPU
		{572992F7-C782-D0D4-533D-B0017B3503A7}.Release|Any CPU.Build.0 = Release|Any CPU
		{276F8DE8-427B-1248-75EC-A45735086000}.Debug|Any CPU.ActiveCfg = Debug|Any CPU
		{276F8DE8-427B-1248-75EC-A45735086000}.Debug|Any CPU.Build.0 = Debug|Any CPU
		{276F8DE8-427B-1248-75EC-A45735086000}.Release|Any CPU.ActiveCfg = Release|Any CPU
		{276F8DE8-427B-1248-75EC-A45735086000}.Release|Any CPU.Build.0 = Release|Any CPU
	EndGlobalSection
	GlobalSection(SolutionProperties) = preSolution
		HideSolutionNode = FALSE
	EndGlobalSection
EndGlobal
